// !$*UTF8*$!
{
	archiveVersion = 1;
	classes = {
	};
	objectVersion = 56;
	objects = {

/* Begin PBXBuildFile section */
		2D4EE3852C3D6E6B00E3E95B /* CustomProgressView.swift in Sources */ = {isa = PBXBuildFile; fileRef = 2D4EE3842C3D6E6B00E3E95B /* CustomProgressView.swift */; };
		2D4EE3872C3D7CB200E3E95B /* CustomOnboardingButton.swift in Sources */ = {isa = PBXBuildFile; fileRef = 2D4EE3862C3D7CB200E3E95B /* CustomOnboardingButton.swift */; };
		2D4EE3892C3D9EA400E3E95B /* Date+.swift in Sources */ = {isa = PBXBuildFile; fileRef = 2D4EE3882C3D9EA400E3E95B /* Date+.swift */; };
		2D4EE38B2C3D9FD900E3E95B /* CustomDatePicker.swift in Sources */ = {isa = PBXBuildFile; fileRef = 2D4EE38A2C3D9FD900E3E95B /* CustomDatePicker.swift */; };
		2D4EE3942C3DD5B700E3E95B /* WelcomeView.swift in Sources */ = {isa = PBXBuildFile; fileRef = 2D4EE3932C3DD5B700E3E95B /* WelcomeView.swift */; };
		2D4EE3962C3DD5CB00E3E95B /* WelcomeViewController.swift in Sources */ = {isa = PBXBuildFile; fileRef = 2D4EE3952C3DD5CB00E3E95B /* WelcomeViewController.swift */; };
		2D4EE3A22C3E788200E3E95B /* ProfileViewModel.swift in Sources */ = {isa = PBXBuildFile; fileRef = 2D4EE3A12C3E788200E3E95B /* ProfileViewModel.swift */; };
		2D4EE3A42C3E789200E3E95B /* ProfileView.swift in Sources */ = {isa = PBXBuildFile; fileRef = 2D4EE3A32C3E789200E3E95B /* ProfileView.swift */; };
		2D4EE3A62C3E78A200E3E95B /* ProfileViewController.swift in Sources */ = {isa = PBXBuildFile; fileRef = 2D4EE3A52C3E78A200E3E95B /* ProfileViewController.swift */; };
		2D4EE3AB2C3E854E00E3E95B /* ValidationMessage.swift in Sources */ = {isa = PBXBuildFile; fileRef = 2D4EE3AA2C3E854E00E3E95B /* ValidationMessage.swift */; };
		2D4EE3E62C3FFF9200E3E95B /* OnboardingView.swift in Sources */ = {isa = PBXBuildFile; fileRef = 2D4EE3E52C3FFF9200E3E95B /* OnboardingView.swift */; };
		2D4EE3E82C400D6900E3E95B /* OnboardingPageViewController.swift in Sources */ = {isa = PBXBuildFile; fileRef = 2D4EE3E72C400D6900E3E95B /* OnboardingPageViewController.swift */; };
		2D4EE3EA2C400ECB00E3E95B /* OnboardingViewController.swift in Sources */ = {isa = PBXBuildFile; fileRef = 2D4EE3E92C400ECB00E3E95B /* OnboardingViewController.swift */; };
		2D4EE3ED2C4020DC00E3E95B /* OnboardingViewModel.swift in Sources */ = {isa = PBXBuildFile; fileRef = 2D4EE3EC2C4020DC00E3E95B /* OnboardingViewModel.swift */; };
		2DC61EF32C4075E3009F991F /* JobDetailViewController.swift in Sources */ = {isa = PBXBuildFile; fileRef = 2DC61EF22C4075E3009F991F /* JobDetailViewController.swift */; };
		2DC61EF52C4075EB009F991F /* MainInfoTableViewCell.swift in Sources */ = {isa = PBXBuildFile; fileRef = 2DC61EF42C4075EB009F991F /* MainInfoTableViewCell.swift */; };
		2DC61EF72C4075F3009F991F /* JobDetailViewModel.swift in Sources */ = {isa = PBXBuildFile; fileRef = 2DC61EF62C4075F3009F991F /* JobDetailViewModel.swift */; };
		2DC61EF92C407E65009F991F /* JobDetailTableViewHeaderCell.swift in Sources */ = {isa = PBXBuildFile; fileRef = 2DC61EF82C407E65009F991F /* JobDetailTableViewHeaderCell.swift */; };
		2DC61EFD2C40823C009F991F /* CompanyInfoTableViewCell.swift in Sources */ = {isa = PBXBuildFile; fileRef = 2DC61EFC2C40823C009F991F /* CompanyInfoTableViewCell.swift */; };
		2DC61EFF2C40824A009F991F /* SummaryInfoTableViewCell.swift in Sources */ = {isa = PBXBuildFile; fileRef = 2DC61EFE2C40824A009F991F /* SummaryInfoTableViewCell.swift */; };
		2DC61F012C40825D009F991F /* DetailInfoTableViewCell.swift in Sources */ = {isa = PBXBuildFile; fileRef = 2DC61F002C40825D009F991F /* DetailInfoTableViewCell.swift */; };
		2DC61F032C4087B4009F991F /* JobSummaryInfoView.swift in Sources */ = {isa = PBXBuildFile; fileRef = 2DC61F022C4087B4009F991F /* JobSummaryInfoView.swift */; };
		2DC61F052C40926D009F991F /* JobDetailView.swift in Sources */ = {isa = PBXBuildFile; fileRef = 2DC61F042C40926D009F991F /* JobDetailView.swift */; };
		2DC61F072C4145CD009F991F /* CustomScrapButton.swift in Sources */ = {isa = PBXBuildFile; fileRef = 2DC61F062C4145CD009F991F /* CustomScrapButton.swift */; };
		2DC61F152C41AB54009F991F /* LoginViewController.swift in Sources */ = {isa = PBXBuildFile; fileRef = 2DC61F142C41AB54009F991F /* LoginViewController.swift */; };
		2DC61F192C41B261009F991F /* LoginView.swift in Sources */ = {isa = PBXBuildFile; fileRef = 2DC61F182C41B261009F991F /* LoginView.swift */; };
		2DC61F292C421335009F991F /* LoginViewModel.swift in Sources */ = {isa = PBXBuildFile; fileRef = 2DC61F282C421335009F991F /* LoginViewModel.swift */; };
		2DC61F2C2C4213C7009F991F /* KakaoSDK in Frameworks */ = {isa = PBXBuildFile; productRef = 2DC61F2B2C4213C7009F991F /* KakaoSDK */; };
		2DC61F2E2C4213C7009F991F /* KakaoSDKAuth in Frameworks */ = {isa = PBXBuildFile; productRef = 2DC61F2D2C4213C7009F991F /* KakaoSDKAuth */; };
		2DC61F302C4213C7009F991F /* KakaoSDKCommon in Frameworks */ = {isa = PBXBuildFile; productRef = 2DC61F2F2C4213C7009F991F /* KakaoSDKCommon */; };
		2DC985F72C456F7E00D46729 /* AdvertisementCollectionViewCell.swift in Sources */ = {isa = PBXBuildFile; fileRef = 2DC985F62C456F7E00D46729 /* AdvertisementCollectionViewCell.swift */; };
		2DC985F92C456F9300D46729 /* RecommendCollectionViewCell.swift in Sources */ = {isa = PBXBuildFile; fileRef = 2DC985F82C456F9300D46729 /* RecommendCollectionViewCell.swift */; };
		2DC985FB2C456FA400D46729 /* SearchCollectionViewHeaderCell.swift in Sources */ = {isa = PBXBuildFile; fileRef = 2DC985FA2C456FA400D46729 /* SearchCollectionViewHeaderCell.swift */; };
		2DC985FE2C456FC300D46729 /* SearchView.swift in Sources */ = {isa = PBXBuildFile; fileRef = 2DC985FD2C456FC300D46729 /* SearchView.swift */; };
		2DC986012C456FE900D46729 /* SearchViewController.swift in Sources */ = {isa = PBXBuildFile; fileRef = 2DC986002C456FE900D46729 /* SearchViewController.swift */; };
		2DC986032C45701D00D46729 /* SearchViewModel.swift in Sources */ = {isa = PBXBuildFile; fileRef = 2DC986022C45701D00D46729 /* SearchViewModel.swift */; };
		2DC986062C45704600D46729 /* CustomSearchView.swift in Sources */ = {isa = PBXBuildFile; fileRef = 2DC986052C45704600D46729 /* CustomSearchView.swift */; };
		2DC986082C45FAC200D46729 /* CustomPageControl.swift in Sources */ = {isa = PBXBuildFile; fileRef = 2DC986072C45FAC200D46729 /* CustomPageControl.swift */; };
		2DC9860B2C46056300D46729 /* RecommendAnnouncementModel.swift in Sources */ = {isa = PBXBuildFile; fileRef = 2DC9860A2C46056300D46729 /* RecommendAnnouncementModel.swift */; };
		2DC9860D2C4605FC00D46729 /* AdvertisementsModel.swift in Sources */ = {isa = PBXBuildFile; fileRef = 2DC9860C2C4605FC00D46729 /* AdvertisementsModel.swift */; };
		7121A1332C396FB40056DB8B /* CustomButton.swift in Sources */ = {isa = PBXBuildFile; fileRef = 7121A1322C396FB40056DB8B /* CustomButton.swift */; };
		7121A1352C39CCF60056DB8B /* UIButton+.swift in Sources */ = {isa = PBXBuildFile; fileRef = 7121A1342C39CCF60056DB8B /* UIButton+.swift */; };
		7121A1372C3A6C7C0056DB8B /* CustomAlertViewController.swift in Sources */ = {isa = PBXBuildFile; fileRef = 7121A1362C3A6C7C0056DB8B /* CustomAlertViewController.swift */; };
		7121A13A2C3A6CEB0056DB8B /* RxCocoa in Frameworks */ = {isa = PBXBuildFile; productRef = 7121A1392C3A6CEB0056DB8B /* RxCocoa */; };
		7121A13C2C3A6CEB0056DB8B /* RxRelay in Frameworks */ = {isa = PBXBuildFile; productRef = 7121A13B2C3A6CEB0056DB8B /* RxRelay */; };
		7121A13E2C3A98E10056DB8B /* LabelFactory.swift in Sources */ = {isa = PBXBuildFile; fileRef = 7121A13D2C3A98E10056DB8B /* LabelFactory.swift */; };
		7121A1402C3AB9EE0056DB8B /* JobDetailInfoView.swift in Sources */ = {isa = PBXBuildFile; fileRef = 7121A13F2C3AB9EE0056DB8B /* JobDetailInfoView.swift */; };
		7121A1432C3AE9C20056DB8B /* PaletteCell.swift in Sources */ = {isa = PBXBuildFile; fileRef = 7121A1422C3AE9C20056DB8B /* PaletteCell.swift */; };
		7121A1462C3B07AA0056DB8B /* BaseResponse.swift in Sources */ = {isa = PBXBuildFile; fileRef = 7121A1452C3B07AA0056DB8B /* BaseResponse.swift */; };
		7121A1492C3B08360056DB8B /* JobDetailModel.swift in Sources */ = {isa = PBXBuildFile; fileRef = 7121A1482C3B08360056DB8B /* JobDetailModel.swift */; };
		7121A14B2C3B09800056DB8B /* setImage.swift in Sources */ = {isa = PBXBuildFile; fileRef = 7121A14A2C3B09800056DB8B /* setImage.swift */; };
		7121A1512C3B09E10056DB8B /* Result+.swift in Sources */ = {isa = PBXBuildFile; fileRef = 7121A1502C3B09E10056DB8B /* Result+.swift */; };
		7121A1532C3DE3680056DB8B /* CustomNavigationBar.swift in Sources */ = {isa = PBXBuildFile; fileRef = 7121A1522C3DE3680056DB8B /* CustomNavigationBar.swift */; };
		7121A1552C3EA01F0056DB8B /* Toast.swift in Sources */ = {isa = PBXBuildFile; fileRef = 7121A1542C3EA01F0056DB8B /* Toast.swift */; };
		7121A1572C3EA4C10056DB8B /* LoadingIndicator.swift in Sources */ = {isa = PBXBuildFile; fileRef = 7121A1562C3EA4C10056DB8B /* LoadingIndicator.swift */; };
		71461EB52C37043A002A6999 /* Pretendard-Light.otf in Resources */ = {isa = PBXBuildFile; fileRef = 71461EAC2C370439002A6999 /* Pretendard-Light.otf */; };
		71461EB72C37043A002A6999 /* Pretendard-Medium.otf in Resources */ = {isa = PBXBuildFile; fileRef = 71461EAE2C370439002A6999 /* Pretendard-Medium.otf */; };
		71461EB92C37043A002A6999 /* Pretendard-SemiBold.otf in Resources */ = {isa = PBXBuildFile; fileRef = 71461EB02C37043A002A6999 /* Pretendard-SemiBold.otf */; };
		71461EBA2C37043A002A6999 /* Pretendard-Regular.otf in Resources */ = {isa = PBXBuildFile; fileRef = 71461EB12C37043A002A6999 /* Pretendard-Regular.otf */; };
		71461EBD2C3705B6002A6999 /* FontLiterals.swift in Sources */ = {isa = PBXBuildFile; fileRef = 71461EBC2C3705B6002A6999 /* FontLiterals.swift */; };
		71461ED42C3811E8002A6999 /* ViewController+.swift in Sources */ = {isa = PBXBuildFile; fileRef = 71461ED32C3811E8002A6999 /* ViewController+.swift */; };
		71461ED62C38150C002A6999 /* UILabel+.swift in Sources */ = {isa = PBXBuildFile; fileRef = 71461ED52C38150C002A6999 /* UILabel+.swift */; };
		71780C322C45705C0073B731 /* Encodable+.swift in Sources */ = {isa = PBXBuildFile; fileRef = 71780C312C45705C0073B731 /* Encodable+.swift */; };
		71780C352C45725E0073B731 /* Providers.swift in Sources */ = {isa = PBXBuildFile; fileRef = 71780C342C45725E0073B731 /* Providers.swift */; };
		71780C3A2C4577FF0073B731 /* CalendarTargetType.swift in Sources */ = {isa = PBXBuildFile; fileRef = 71780C392C4577FF0073B731 /* CalendarTargetType.swift */; };
		71780C3C2C457DD70073B731 /* AuthTargetType.swift in Sources */ = {isa = PBXBuildFile; fileRef = 71780C3B2C457DD70073B731 /* AuthTargetType.swift */; };
		71780C3E2C45849A0073B731 /* UserDefaultWrapper.swift in Sources */ = {isa = PBXBuildFile; fileRef = 71780C3D2C45849A0073B731 /* UserDefaultWrapper.swift */; };
		71780C402C4584D40073B731 /* UserManager.swift in Sources */ = {isa = PBXBuildFile; fileRef = 71780C3F2C4584D40073B731 /* UserManager.swift */; };
		71780C442C45860C0073B731 /* SignInResponseModel.swift in Sources */ = {isa = PBXBuildFile; fileRef = 71780C432C45860C0073B731 /* SignInResponseModel.swift */; };
		71780C462C4589400073B731 /* NewTokenModel.swift in Sources */ = {isa = PBXBuildFile; fileRef = 71780C452C4589400073B731 /* NewTokenModel.swift */; };
		71780C482C458FF80073B731 /* HomeTargetType.swift in Sources */ = {isa = PBXBuildFile; fileRef = 71780C472C458FF80073B731 /* HomeTargetType.swift */; };
		71780C4A2C4591B90073B731 /* MyPageTargetType.swift in Sources */ = {isa = PBXBuildFile; fileRef = 71780C492C4591B90073B731 /* MyPageTargetType.swift */; };
		71780C4C2C4598590073B731 /* ScrapsTargetType.swift in Sources */ = {isa = PBXBuildFile; fileRef = 71780C4B2C4598590073B731 /* ScrapsTargetType.swift */; };
		71780C4E2C459F610073B731 /* FiltersTargetType.swift in Sources */ = {isa = PBXBuildFile; fileRef = 71780C4D2C459F610073B731 /* FiltersTargetType.swift */; };
		71780C502C45A2870073B731 /* AnnouncementsTargetType.swift in Sources */ = {isa = PBXBuildFile; fileRef = 71780C4F2C45A2870073B731 /* AnnouncementsTargetType.swift */; };
		71780C522C45A4950073B731 /* SearchTargetType.swift in Sources */ = {isa = PBXBuildFile; fileRef = 71780C512C45A4950073B731 /* SearchTargetType.swift */; };
		71780C542C45A7DD0073B731 /* NetworkLoggerPlugin.swift in Sources */ = {isa = PBXBuildFile; fileRef = 71780C532C45A7DD0073B731 /* NetworkLoggerPlugin.swift */; };
		71780C562C45A81E0073B731 /* AuthInterceptor.swift in Sources */ = {isa = PBXBuildFile; fileRef = 71780C552C45A81E0073B731 /* AuthInterceptor.swift */; };
		717D37EA2C32FA2F00A857DB /* SnapKit in Frameworks */ = {isa = PBXBuildFile; productRef = 717D37E92C32FA2F00A857DB /* SnapKit */; };
		71B509212C41AD35006D8E56 /* JobListingCell.swift in Sources */ = {isa = PBXBuildFile; fileRef = 71B509202C41AD35006D8E56 /* JobListingCell.swift */; };
		71B509232C41BD90006D8E56 /* CompositionalLayout.swift in Sources */ = {isa = PBXBuildFile; fileRef = 71B509222C41BD90006D8E56 /* CompositionalLayout.swift */; };
		71B509252C41D027006D8E56 /* CalendarDateHeaderView.swift in Sources */ = {isa = PBXBuildFile; fileRef = 71B509242C41D027006D8E56 /* CalendarDateHeaderView.swift */; };
		71B509272C41FB41006D8E56 /* ScrapModel.swift in Sources */ = {isa = PBXBuildFile; fileRef = 71B509262C41FB41006D8E56 /* ScrapModel.swift */; };
		71B5092B2C42DBBF006D8E56 /* CalendarDateFooterView.swift in Sources */ = {isa = PBXBuildFile; fileRef = 71B5092A2C42DBBF006D8E56 /* CalendarDateFooterView.swift */; };
		71B5092D2C4326F8006D8E56 /* adjusted+.swift in Sources */ = {isa = PBXBuildFile; fileRef = 71B5092C2C4326F8006D8E56 /* adjusted+.swift */; };
		71B5092F2C432F90006D8E56 /* ViewControllerUtils.swift in Sources */ = {isa = PBXBuildFile; fileRef = 71B5092E2C432F90006D8E56 /* ViewControllerUtils.swift */; };
		71CCC0712C3F36DE00789A9B /* TNCalendarViewController.swift in Sources */ = {isa = PBXBuildFile; fileRef = 71CCC0702C3F36DE00789A9B /* TNCalendarViewController.swift */; };
		71CCC0732C3F36EA00789A9B /* TNCalendarView.swift in Sources */ = {isa = PBXBuildFile; fileRef = 71CCC0722C3F36EA00789A9B /* TNCalendarView.swift */; };
		71CCC0762C3F373400789A9B /* FSCalendar in Frameworks */ = {isa = PBXBuildFile; productRef = 71CCC0752C3F373400789A9B /* FSCalendar */; };
		71CCC0792C3FDABF00789A9B /* TNCalendarViewModel.swift in Sources */ = {isa = PBXBuildFile; fileRef = 71CCC0782C3FDABF00789A9B /* TNCalendarViewModel.swift */; };
		71CCC07C2C3FDB0400789A9B /* ViewModelType.swift in Sources */ = {isa = PBXBuildFile; fileRef = 71CCC07B2C3FDB0400789A9B /* ViewModelType.swift */; };
		71CCC07F2C40377E00789A9B /* TNCalendarDateCell.swift in Sources */ = {isa = PBXBuildFile; fileRef = 71CCC07E2C40377E00789A9B /* TNCalendarDateCell.swift */; };
		71D7E6ED2C2FF42500C54EA7 /* TNTabBarController.swift in Sources */ = {isa = PBXBuildFile; fileRef = 71D7E6EC2C2FF42500C54EA7 /* TNTabBarController.swift */; };
		71D7E6EF2C2FF48800C54EA7 /* TNTabBarItem.swift in Sources */ = {isa = PBXBuildFile; fileRef = 71D7E6EE2C2FF48800C54EA7 /* TNTabBarItem.swift */; };
		71D7E6F12C2FFB5800C54EA7 /* CALayer+.swift in Sources */ = {isa = PBXBuildFile; fileRef = 71D7E6F02C2FFB5800C54EA7 /* CALayer+.swift */; };
		71E3C3CD2C22BAF40026C4DD /* AppDelegate.swift in Sources */ = {isa = PBXBuildFile; fileRef = 71E3C3CC2C22BAF40026C4DD /* AppDelegate.swift */; };
		71E3C3CF2C22BAF40026C4DD /* SceneDelegate.swift in Sources */ = {isa = PBXBuildFile; fileRef = 71E3C3CE2C22BAF40026C4DD /* SceneDelegate.swift */; };
		71E3C3D12C22BAF40026C4DD /* ViewController.swift in Sources */ = {isa = PBXBuildFile; fileRef = 71E3C3D02C22BAF40026C4DD /* ViewController.swift */; };
		71E3C3D62C22BAF50026C4DD /* Assets.xcassets in Resources */ = {isa = PBXBuildFile; fileRef = 71E3C3D52C22BAF50026C4DD /* Assets.xcassets */; };
		71E3C3D92C22BAF50026C4DD /* LaunchScreen.storyboard in Resources */ = {isa = PBXBuildFile; fileRef = 71E3C3D72C22BAF50026C4DD /* LaunchScreen.storyboard */; };
		71E3C3F92C241D900026C4DD /* Kingfisher in Frameworks */ = {isa = PBXBuildFile; productRef = 71E3C3F82C241D900026C4DD /* Kingfisher */; };
		71E3C4012C241DA30026C4DD /* Then in Frameworks */ = {isa = PBXBuildFile; productRef = 71E3C4002C241DA30026C4DD /* Then */; };
		71E3C4042C241DD40026C4DD /* Moya in Frameworks */ = {isa = PBXBuildFile; productRef = 71E3C4032C241DD40026C4DD /* Moya */; };
		71E3C4062C241DD40026C4DD /* ReactiveMoya in Frameworks */ = {isa = PBXBuildFile; productRef = 71E3C4052C241DD40026C4DD /* ReactiveMoya */; };
		71E3C4082C241DD40026C4DD /* RxMoya in Frameworks */ = {isa = PBXBuildFile; productRef = 71E3C4072C241DD40026C4DD /* RxMoya */; };
		71E3C40D2C2423280026C4DD /* .swiftlint.yml in Resources */ = {isa = PBXBuildFile; fileRef = 71E3C40C2C2423280026C4DD /* .swiftlint.yml */; };
		71E3C40F2C243B510026C4DD /* UIView+.swift in Sources */ = {isa = PBXBuildFile; fileRef = 71E3C40E2C243B510026C4DD /* UIView+.swift */; };
		71E3C4122C243BDD0026C4DD /* getClassName.swift in Sources */ = {isa = PBXBuildFile; fileRef = 71E3C4112C243BDD0026C4DD /* getClassName.swift */; };
		B86A67582C41166900CB90E5 /* FilterButton.swift in Sources */ = {isa = PBXBuildFile; fileRef = B86A67572C41166800CB90E5 /* FilterButton.swift */; };
		B871D7232C3E8836008D78C2 /* JobCardModel.swift in Sources */ = {isa = PBXBuildFile; fileRef = B871D7222C3E8835008D78C2 /* JobCardModel.swift */; };
		B871D7252C3E8A53008D78C2 /* ScrapInfoHeaderCell.swift in Sources */ = {isa = PBXBuildFile; fileRef = B871D7242C3E8A53008D78C2 /* ScrapInfoHeaderCell.swift */; };
		B871D7292C3E8E46008D78C2 /* JobCardScrapedCell.swift in Sources */ = {isa = PBXBuildFile; fileRef = B871D7282C3E8E46008D78C2 /* JobCardScrapedCell.swift */; };
		B871D7312C3E9118008D78C2 /* NonScrapInfoCells.swift in Sources */ = {isa = PBXBuildFile; fileRef = B871D7302C3E9118008D78C2 /* NonScrapInfoCells.swift */; };
		B871D7332C3EC148008D78C2 /* IsScrapInfoViewCell.swift in Sources */ = {isa = PBXBuildFile; fileRef = B871D7322C3EC148008D78C2 /* IsScrapInfoViewCell.swift */; };
		B871D7352C3ECF37008D78C2 /* ScrapedAndDeadlineModel.swift in Sources */ = {isa = PBXBuildFile; fileRef = B871D7342C3ECF37008D78C2 /* ScrapedAndDeadlineModel.swift */; };
		B871D7372C3EF87B008D78C2 /* NonJobCardCell.swift in Sources */ = {isa = PBXBuildFile; fileRef = B871D7362C3EF87B008D78C2 /* NonJobCardCell.swift */; };
		B871D7392C3F1A49008D78C2 /* CheckDeadlineCell.swift in Sources */ = {isa = PBXBuildFile; fileRef = B871D7382C3F1A49008D78C2 /* CheckDeadlineCell.swift */; };
		B8BE0E102C465AAD00B3D298 /* Config.swift in Sources */ = {isa = PBXBuildFile; fileRef = B8BE0E0F2C465AAD00B3D298 /* Config.swift */; };
		B8C5DB6E2C3F353D00865B1A /* InavailableFilterView.swift in Sources */ = {isa = PBXBuildFile; fileRef = B8C5DB6D2C3F353D00865B1A /* InavailableFilterView.swift */; };
		B8C5DB712C3F39B900865B1A /* FilteringSettingView.swift in Sources */ = {isa = PBXBuildFile; fileRef = B8C5DB702C3F39B900865B1A /* FilteringSettingView.swift */; };
		B8C5DB732C3F39C700865B1A /* FilteringSettingViewController.swift in Sources */ = {isa = PBXBuildFile; fileRef = B8C5DB722C3F39C700865B1A /* FilteringSettingViewController.swift */; };
		B8D549392C450C9600553BB5 /* MainHomeView.swift in Sources */ = {isa = PBXBuildFile; fileRef = B8D549382C450C9600553BB5 /* MainHomeView.swift */; };
		B8D5493B2C450E9600553BB5 /* FilterHeaderCell.swift in Sources */ = {isa = PBXBuildFile; fileRef = B8D5493A2C450E9600553BB5 /* FilterHeaderCell.swift */; };
		B8D5493D2C455A2100553BB5 /* MainHomeViewController.swift in Sources */ = {isa = PBXBuildFile; fileRef = B8D5493C2C455A2100553BB5 /* MainHomeViewController.swift */; };
		B8D5493F2C45B46D00553BB5 /* NonJobCardHeaderCell.swift in Sources */ = {isa = PBXBuildFile; fileRef = B8D5493E2C45B46D00553BB5 /* NonJobCardHeaderCell.swift */; };
/* End PBXBuildFile section */

/* Begin PBXFileReference section */
		2D4EE3842C3D6E6B00E3E95B /* CustomProgressView.swift */ = {isa = PBXFileReference; lastKnownFileType = sourcecode.swift; path = CustomProgressView.swift; sourceTree = "<group>"; };
		2D4EE3862C3D7CB200E3E95B /* CustomOnboardingButton.swift */ = {isa = PBXFileReference; lastKnownFileType = sourcecode.swift; path = CustomOnboardingButton.swift; sourceTree = "<group>"; };
		2D4EE3882C3D9EA400E3E95B /* Date+.swift */ = {isa = PBXFileReference; lastKnownFileType = sourcecode.swift; path = "Date+.swift"; sourceTree = "<group>"; };
		2D4EE38A2C3D9FD900E3E95B /* CustomDatePicker.swift */ = {isa = PBXFileReference; lastKnownFileType = sourcecode.swift; path = CustomDatePicker.swift; sourceTree = "<group>"; };
		2D4EE3932C3DD5B700E3E95B /* WelcomeView.swift */ = {isa = PBXFileReference; lastKnownFileType = sourcecode.swift; path = WelcomeView.swift; sourceTree = "<group>"; };
		2D4EE3952C3DD5CB00E3E95B /* WelcomeViewController.swift */ = {isa = PBXFileReference; lastKnownFileType = sourcecode.swift; path = WelcomeViewController.swift; sourceTree = "<group>"; };
		2D4EE3A12C3E788200E3E95B /* ProfileViewModel.swift */ = {isa = PBXFileReference; lastKnownFileType = sourcecode.swift; path = ProfileViewModel.swift; sourceTree = "<group>"; };
		2D4EE3A32C3E789200E3E95B /* ProfileView.swift */ = {isa = PBXFileReference; lastKnownFileType = sourcecode.swift; path = ProfileView.swift; sourceTree = "<group>"; };
		2D4EE3A52C3E78A200E3E95B /* ProfileViewController.swift */ = {isa = PBXFileReference; lastKnownFileType = sourcecode.swift; path = ProfileViewController.swift; sourceTree = "<group>"; };
		2D4EE3AA2C3E854E00E3E95B /* ValidationMessage.swift */ = {isa = PBXFileReference; lastKnownFileType = sourcecode.swift; path = ValidationMessage.swift; sourceTree = "<group>"; };
		2D4EE3E52C3FFF9200E3E95B /* OnboardingView.swift */ = {isa = PBXFileReference; lastKnownFileType = sourcecode.swift; path = OnboardingView.swift; sourceTree = "<group>"; };
		2D4EE3E72C400D6900E3E95B /* OnboardingPageViewController.swift */ = {isa = PBXFileReference; lastKnownFileType = sourcecode.swift; path = OnboardingPageViewController.swift; sourceTree = "<group>"; };
		2D4EE3E92C400ECB00E3E95B /* OnboardingViewController.swift */ = {isa = PBXFileReference; lastKnownFileType = sourcecode.swift; path = OnboardingViewController.swift; sourceTree = "<group>"; };
		2D4EE3EC2C4020DC00E3E95B /* OnboardingViewModel.swift */ = {isa = PBXFileReference; lastKnownFileType = sourcecode.swift; path = OnboardingViewModel.swift; sourceTree = "<group>"; };
		2DC61EF22C4075E3009F991F /* JobDetailViewController.swift */ = {isa = PBXFileReference; lastKnownFileType = sourcecode.swift; path = JobDetailViewController.swift; sourceTree = "<group>"; };
		2DC61EF42C4075EB009F991F /* MainInfoTableViewCell.swift */ = {isa = PBXFileReference; lastKnownFileType = sourcecode.swift; path = MainInfoTableViewCell.swift; sourceTree = "<group>"; };
		2DC61EF62C4075F3009F991F /* JobDetailViewModel.swift */ = {isa = PBXFileReference; lastKnownFileType = sourcecode.swift; path = JobDetailViewModel.swift; sourceTree = "<group>"; };
		2DC61EF82C407E65009F991F /* JobDetailTableViewHeaderCell.swift */ = {isa = PBXFileReference; lastKnownFileType = sourcecode.swift; path = JobDetailTableViewHeaderCell.swift; sourceTree = "<group>"; };
		2DC61EFC2C40823C009F991F /* CompanyInfoTableViewCell.swift */ = {isa = PBXFileReference; lastKnownFileType = sourcecode.swift; path = CompanyInfoTableViewCell.swift; sourceTree = "<group>"; };
		2DC61EFE2C40824A009F991F /* SummaryInfoTableViewCell.swift */ = {isa = PBXFileReference; lastKnownFileType = sourcecode.swift; path = SummaryInfoTableViewCell.swift; sourceTree = "<group>"; };
		2DC61F002C40825D009F991F /* DetailInfoTableViewCell.swift */ = {isa = PBXFileReference; lastKnownFileType = sourcecode.swift; path = DetailInfoTableViewCell.swift; sourceTree = "<group>"; };
		2DC61F022C4087B4009F991F /* JobSummaryInfoView.swift */ = {isa = PBXFileReference; lastKnownFileType = sourcecode.swift; path = JobSummaryInfoView.swift; sourceTree = "<group>"; };
		2DC61F042C40926D009F991F /* JobDetailView.swift */ = {isa = PBXFileReference; lastKnownFileType = sourcecode.swift; path = JobDetailView.swift; sourceTree = "<group>"; };
		2DC61F062C4145CD009F991F /* CustomScrapButton.swift */ = {isa = PBXFileReference; lastKnownFileType = sourcecode.swift; path = CustomScrapButton.swift; sourceTree = "<group>"; };
		2DC61F142C41AB54009F991F /* LoginViewController.swift */ = {isa = PBXFileReference; lastKnownFileType = sourcecode.swift; path = LoginViewController.swift; sourceTree = "<group>"; };
		2DC61F182C41B261009F991F /* LoginView.swift */ = {isa = PBXFileReference; lastKnownFileType = sourcecode.swift; path = LoginView.swift; sourceTree = "<group>"; };
		2DC61F282C421335009F991F /* LoginViewModel.swift */ = {isa = PBXFileReference; lastKnownFileType = sourcecode.swift; path = LoginViewModel.swift; sourceTree = "<group>"; };
		2DC985F62C456F7E00D46729 /* AdvertisementCollectionViewCell.swift */ = {isa = PBXFileReference; lastKnownFileType = sourcecode.swift; path = AdvertisementCollectionViewCell.swift; sourceTree = "<group>"; };
		2DC985F82C456F9300D46729 /* RecommendCollectionViewCell.swift */ = {isa = PBXFileReference; lastKnownFileType = sourcecode.swift; path = RecommendCollectionViewCell.swift; sourceTree = "<group>"; };
		2DC985FA2C456FA400D46729 /* SearchCollectionViewHeaderCell.swift */ = {isa = PBXFileReference; lastKnownFileType = sourcecode.swift; path = SearchCollectionViewHeaderCell.swift; sourceTree = "<group>"; };
		2DC985FD2C456FC300D46729 /* SearchView.swift */ = {isa = PBXFileReference; lastKnownFileType = sourcecode.swift; path = SearchView.swift; sourceTree = "<group>"; };
		2DC986002C456FE900D46729 /* SearchViewController.swift */ = {isa = PBXFileReference; lastKnownFileType = sourcecode.swift; path = SearchViewController.swift; sourceTree = "<group>"; };
		2DC986022C45701D00D46729 /* SearchViewModel.swift */ = {isa = PBXFileReference; lastKnownFileType = sourcecode.swift; path = SearchViewModel.swift; sourceTree = "<group>"; };
		2DC986052C45704600D46729 /* CustomSearchView.swift */ = {isa = PBXFileReference; lastKnownFileType = sourcecode.swift; path = CustomSearchView.swift; sourceTree = "<group>"; };
		2DC986072C45FAC200D46729 /* CustomPageControl.swift */ = {isa = PBXFileReference; lastKnownFileType = sourcecode.swift; path = CustomPageControl.swift; sourceTree = "<group>"; };
		2DC9860A2C46056300D46729 /* RecommendAnnouncementModel.swift */ = {isa = PBXFileReference; lastKnownFileType = sourcecode.swift; path = RecommendAnnouncementModel.swift; sourceTree = "<group>"; };
		2DC9860C2C4605FC00D46729 /* AdvertisementsModel.swift */ = {isa = PBXFileReference; lastKnownFileType = sourcecode.swift; path = AdvertisementsModel.swift; sourceTree = "<group>"; };
		7121A1322C396FB40056DB8B /* CustomButton.swift */ = {isa = PBXFileReference; lastKnownFileType = sourcecode.swift; path = CustomButton.swift; sourceTree = "<group>"; };
		7121A1342C39CCF60056DB8B /* UIButton+.swift */ = {isa = PBXFileReference; lastKnownFileType = sourcecode.swift; path = "UIButton+.swift"; sourceTree = "<group>"; };
		7121A1362C3A6C7C0056DB8B /* CustomAlertViewController.swift */ = {isa = PBXFileReference; lastKnownFileType = sourcecode.swift; path = CustomAlertViewController.swift; sourceTree = "<group>"; };
		7121A13D2C3A98E10056DB8B /* LabelFactory.swift */ = {isa = PBXFileReference; lastKnownFileType = sourcecode.swift; path = LabelFactory.swift; sourceTree = "<group>"; };
		7121A13F2C3AB9EE0056DB8B /* JobDetailInfoView.swift */ = {isa = PBXFileReference; lastKnownFileType = sourcecode.swift; path = JobDetailInfoView.swift; sourceTree = "<group>"; };
		7121A1422C3AE9C20056DB8B /* PaletteCell.swift */ = {isa = PBXFileReference; lastKnownFileType = sourcecode.swift; path = PaletteCell.swift; sourceTree = "<group>"; };
		7121A1452C3B07AA0056DB8B /* BaseResponse.swift */ = {isa = PBXFileReference; lastKnownFileType = sourcecode.swift; path = BaseResponse.swift; sourceTree = "<group>"; };
		7121A1482C3B08360056DB8B /* JobDetailModel.swift */ = {isa = PBXFileReference; lastKnownFileType = sourcecode.swift; path = JobDetailModel.swift; sourceTree = "<group>"; };
		7121A14A2C3B09800056DB8B /* setImage.swift */ = {isa = PBXFileReference; lastKnownFileType = sourcecode.swift; path = setImage.swift; sourceTree = "<group>"; };
		7121A1502C3B09E10056DB8B /* Result+.swift */ = {isa = PBXFileReference; lastKnownFileType = sourcecode.swift; path = "Result+.swift"; sourceTree = "<group>"; };
		7121A1522C3DE3680056DB8B /* CustomNavigationBar.swift */ = {isa = PBXFileReference; lastKnownFileType = sourcecode.swift; path = CustomNavigationBar.swift; sourceTree = "<group>"; };
		7121A1542C3EA01F0056DB8B /* Toast.swift */ = {isa = PBXFileReference; lastKnownFileType = sourcecode.swift; path = Toast.swift; sourceTree = "<group>"; };
		7121A1562C3EA4C10056DB8B /* LoadingIndicator.swift */ = {isa = PBXFileReference; lastKnownFileType = sourcecode.swift; path = LoadingIndicator.swift; sourceTree = "<group>"; };
		71461EAC2C370439002A6999 /* Pretendard-Light.otf */ = {isa = PBXFileReference; lastKnownFileType = file; path = "Pretendard-Light.otf"; sourceTree = "<group>"; };
		71461EAE2C370439002A6999 /* Pretendard-Medium.otf */ = {isa = PBXFileReference; lastKnownFileType = file; path = "Pretendard-Medium.otf"; sourceTree = "<group>"; };
		71461EB02C37043A002A6999 /* Pretendard-SemiBold.otf */ = {isa = PBXFileReference; lastKnownFileType = file; path = "Pretendard-SemiBold.otf"; sourceTree = "<group>"; };
		71461EB12C37043A002A6999 /* Pretendard-Regular.otf */ = {isa = PBXFileReference; lastKnownFileType = file; path = "Pretendard-Regular.otf"; sourceTree = "<group>"; };
		71461EBC2C3705B6002A6999 /* FontLiterals.swift */ = {isa = PBXFileReference; lastKnownFileType = sourcecode.swift; path = FontLiterals.swift; sourceTree = "<group>"; };
		71461ED32C3811E8002A6999 /* ViewController+.swift */ = {isa = PBXFileReference; lastKnownFileType = sourcecode.swift; path = "ViewController+.swift"; sourceTree = "<group>"; };
		71461ED52C38150C002A6999 /* UILabel+.swift */ = {isa = PBXFileReference; lastKnownFileType = sourcecode.swift; path = "UILabel+.swift"; sourceTree = "<group>"; };
		716E08AB2C44349A00469E3B /* Config.xcconfig */ = {isa = PBXFileReference; fileEncoding = 4; lastKnownFileType = text.xcconfig; path = Config.xcconfig; sourceTree = "<group>"; };
		71780C312C45705C0073B731 /* Encodable+.swift */ = {isa = PBXFileReference; lastKnownFileType = sourcecode.swift; path = "Encodable+.swift"; sourceTree = "<group>"; };
		71780C342C45725E0073B731 /* Providers.swift */ = {isa = PBXFileReference; lastKnownFileType = sourcecode.swift; path = Providers.swift; sourceTree = "<group>"; };
		71780C392C4577FF0073B731 /* CalendarTargetType.swift */ = {isa = PBXFileReference; lastKnownFileType = sourcecode.swift; path = CalendarTargetType.swift; sourceTree = "<group>"; };
		71780C3B2C457DD70073B731 /* AuthTargetType.swift */ = {isa = PBXFileReference; lastKnownFileType = sourcecode.swift; path = AuthTargetType.swift; sourceTree = "<group>"; };
		71780C3D2C45849A0073B731 /* UserDefaultWrapper.swift */ = {isa = PBXFileReference; lastKnownFileType = sourcecode.swift; path = UserDefaultWrapper.swift; sourceTree = "<group>"; };
		71780C3F2C4584D40073B731 /* UserManager.swift */ = {isa = PBXFileReference; lastKnownFileType = sourcecode.swift; path = UserManager.swift; sourceTree = "<group>"; };
		71780C432C45860C0073B731 /* SignInResponseModel.swift */ = {isa = PBXFileReference; lastKnownFileType = sourcecode.swift; path = SignInResponseModel.swift; sourceTree = "<group>"; };
		71780C452C4589400073B731 /* NewTokenModel.swift */ = {isa = PBXFileReference; lastKnownFileType = sourcecode.swift; path = NewTokenModel.swift; sourceTree = "<group>"; };
		71780C472C458FF80073B731 /* HomeTargetType.swift */ = {isa = PBXFileReference; lastKnownFileType = sourcecode.swift; path = HomeTargetType.swift; sourceTree = "<group>"; };
		71780C492C4591B90073B731 /* MyPageTargetType.swift */ = {isa = PBXFileReference; lastKnownFileType = sourcecode.swift; path = MyPageTargetType.swift; sourceTree = "<group>"; };
		71780C4B2C4598590073B731 /* ScrapsTargetType.swift */ = {isa = PBXFileReference; lastKnownFileType = sourcecode.swift; path = ScrapsTargetType.swift; sourceTree = "<group>"; };
		71780C4D2C459F610073B731 /* FiltersTargetType.swift */ = {isa = PBXFileReference; lastKnownFileType = sourcecode.swift; path = FiltersTargetType.swift; sourceTree = "<group>"; };
		71780C4F2C45A2870073B731 /* AnnouncementsTargetType.swift */ = {isa = PBXFileReference; lastKnownFileType = sourcecode.swift; path = AnnouncementsTargetType.swift; sourceTree = "<group>"; };
		71780C512C45A4950073B731 /* SearchTargetType.swift */ = {isa = PBXFileReference; lastKnownFileType = sourcecode.swift; path = SearchTargetType.swift; sourceTree = "<group>"; };
		71780C532C45A7DD0073B731 /* NetworkLoggerPlugin.swift */ = {isa = PBXFileReference; lastKnownFileType = sourcecode.swift; path = NetworkLoggerPlugin.swift; sourceTree = "<group>"; };
		71780C552C45A81E0073B731 /* AuthInterceptor.swift */ = {isa = PBXFileReference; lastKnownFileType = sourcecode.swift; path = AuthInterceptor.swift; sourceTree = "<group>"; };
		71780C592C4627A30073B731 /* Terning-iOS.entitlements */ = {isa = PBXFileReference; lastKnownFileType = text.plist.entitlements; path = "Terning-iOS.entitlements"; sourceTree = "<group>"; };
		71B509202C41AD35006D8E56 /* JobListingCell.swift */ = {isa = PBXFileReference; lastKnownFileType = sourcecode.swift; path = JobListingCell.swift; sourceTree = "<group>"; };
		71B509222C41BD90006D8E56 /* CompositionalLayout.swift */ = {isa = PBXFileReference; lastKnownFileType = sourcecode.swift; path = CompositionalLayout.swift; sourceTree = "<group>"; };
		71B509242C41D027006D8E56 /* CalendarDateHeaderView.swift */ = {isa = PBXFileReference; lastKnownFileType = sourcecode.swift; path = CalendarDateHeaderView.swift; sourceTree = "<group>"; };
		71B509262C41FB41006D8E56 /* ScrapModel.swift */ = {isa = PBXFileReference; lastKnownFileType = sourcecode.swift; path = ScrapModel.swift; sourceTree = "<group>"; };
		71B5092A2C42DBBF006D8E56 /* CalendarDateFooterView.swift */ = {isa = PBXFileReference; lastKnownFileType = sourcecode.swift; path = CalendarDateFooterView.swift; sourceTree = "<group>"; };
		71B5092C2C4326F8006D8E56 /* adjusted+.swift */ = {isa = PBXFileReference; lastKnownFileType = sourcecode.swift; path = "adjusted+.swift"; sourceTree = "<group>"; };
		71B5092E2C432F90006D8E56 /* ViewControllerUtils.swift */ = {isa = PBXFileReference; lastKnownFileType = sourcecode.swift; path = ViewControllerUtils.swift; sourceTree = "<group>"; };
		71CCC0702C3F36DE00789A9B /* TNCalendarViewController.swift */ = {isa = PBXFileReference; lastKnownFileType = sourcecode.swift; path = TNCalendarViewController.swift; sourceTree = "<group>"; };
		71CCC0722C3F36EA00789A9B /* TNCalendarView.swift */ = {isa = PBXFileReference; lastKnownFileType = sourcecode.swift; path = TNCalendarView.swift; sourceTree = "<group>"; };
		71CCC0782C3FDABF00789A9B /* TNCalendarViewModel.swift */ = {isa = PBXFileReference; lastKnownFileType = sourcecode.swift; path = TNCalendarViewModel.swift; sourceTree = "<group>"; };
		71CCC07B2C3FDB0400789A9B /* ViewModelType.swift */ = {isa = PBXFileReference; lastKnownFileType = sourcecode.swift; path = ViewModelType.swift; sourceTree = "<group>"; };
		71CCC07E2C40377E00789A9B /* TNCalendarDateCell.swift */ = {isa = PBXFileReference; lastKnownFileType = sourcecode.swift; path = TNCalendarDateCell.swift; sourceTree = "<group>"; };
		71D7E6EC2C2FF42500C54EA7 /* TNTabBarController.swift */ = {isa = PBXFileReference; lastKnownFileType = sourcecode.swift; path = TNTabBarController.swift; sourceTree = "<group>"; };
		71D7E6EE2C2FF48800C54EA7 /* TNTabBarItem.swift */ = {isa = PBXFileReference; lastKnownFileType = sourcecode.swift; path = TNTabBarItem.swift; sourceTree = "<group>"; };
		71D7E6F02C2FFB5800C54EA7 /* CALayer+.swift */ = {isa = PBXFileReference; lastKnownFileType = sourcecode.swift; path = "CALayer+.swift"; sourceTree = "<group>"; };
		71E3C3C92C22BAF40026C4DD /* Terning-iOS.app */ = {isa = PBXFileReference; explicitFileType = wrapper.application; includeInIndex = 0; path = "Terning-iOS.app"; sourceTree = BUILT_PRODUCTS_DIR; };
		71E3C3CC2C22BAF40026C4DD /* AppDelegate.swift */ = {isa = PBXFileReference; lastKnownFileType = sourcecode.swift; path = AppDelegate.swift; sourceTree = "<group>"; };
		71E3C3CE2C22BAF40026C4DD /* SceneDelegate.swift */ = {isa = PBXFileReference; lastKnownFileType = sourcecode.swift; path = SceneDelegate.swift; sourceTree = "<group>"; };
		71E3C3D02C22BAF40026C4DD /* ViewController.swift */ = {isa = PBXFileReference; lastKnownFileType = sourcecode.swift; path = ViewController.swift; sourceTree = "<group>"; };
		71E3C3D52C22BAF50026C4DD /* Assets.xcassets */ = {isa = PBXFileReference; lastKnownFileType = folder.assetcatalog; path = Assets.xcassets; sourceTree = "<group>"; };
		71E3C3D82C22BAF50026C4DD /* Base */ = {isa = PBXFileReference; lastKnownFileType = file.storyboard; name = Base; path = Base.lproj/LaunchScreen.storyboard; sourceTree = "<group>"; };
		71E3C3DA2C22BAF50026C4DD /* Info.plist */ = {isa = PBXFileReference; lastKnownFileType = text.plist.xml; path = Info.plist; sourceTree = "<group>"; };
		71E3C3F32C241CB00026C4DD /* .gitkeep */ = {isa = PBXFileReference; lastKnownFileType = text; path = .gitkeep; sourceTree = "<group>"; };
		71E3C40C2C2423280026C4DD /* .swiftlint.yml */ = {isa = PBXFileReference; lastKnownFileType = text.yaml; path = .swiftlint.yml; sourceTree = "<group>"; };
		71E3C40E2C243B510026C4DD /* UIView+.swift */ = {isa = PBXFileReference; lastKnownFileType = sourcecode.swift; path = "UIView+.swift"; sourceTree = "<group>"; };
		71E3C4112C243BDD0026C4DD /* getClassName.swift */ = {isa = PBXFileReference; lastKnownFileType = sourcecode.swift; path = getClassName.swift; sourceTree = "<group>"; };
		B86A67572C41166800CB90E5 /* FilterButton.swift */ = {isa = PBXFileReference; lastKnownFileType = sourcecode.swift; path = FilterButton.swift; sourceTree = "<group>"; };
		B871D7222C3E8835008D78C2 /* JobCardModel.swift */ = {isa = PBXFileReference; lastKnownFileType = sourcecode.swift; path = JobCardModel.swift; sourceTree = "<group>"; };
		B871D7242C3E8A53008D78C2 /* ScrapInfoHeaderCell.swift */ = {isa = PBXFileReference; lastKnownFileType = sourcecode.swift; path = ScrapInfoHeaderCell.swift; sourceTree = "<group>"; };
		B871D7282C3E8E46008D78C2 /* JobCardScrapedCell.swift */ = {isa = PBXFileReference; lastKnownFileType = sourcecode.swift; path = JobCardScrapedCell.swift; sourceTree = "<group>"; };
		B871D7302C3E9118008D78C2 /* NonScrapInfoCells.swift */ = {isa = PBXFileReference; lastKnownFileType = sourcecode.swift; path = NonScrapInfoCells.swift; sourceTree = "<group>"; };
		B871D7322C3EC148008D78C2 /* IsScrapInfoViewCell.swift */ = {isa = PBXFileReference; lastKnownFileType = sourcecode.swift; path = IsScrapInfoViewCell.swift; sourceTree = "<group>"; };
		B871D7342C3ECF37008D78C2 /* ScrapedAndDeadlineModel.swift */ = {isa = PBXFileReference; lastKnownFileType = sourcecode.swift; path = ScrapedAndDeadlineModel.swift; sourceTree = "<group>"; };
		B871D7362C3EF87B008D78C2 /* NonJobCardCell.swift */ = {isa = PBXFileReference; lastKnownFileType = sourcecode.swift; path = NonJobCardCell.swift; sourceTree = "<group>"; };
		B871D7382C3F1A49008D78C2 /* CheckDeadlineCell.swift */ = {isa = PBXFileReference; lastKnownFileType = sourcecode.swift; path = CheckDeadlineCell.swift; sourceTree = "<group>"; };
		B8BE0E0F2C465AAD00B3D298 /* Config.swift */ = {isa = PBXFileReference; fileEncoding = 4; lastKnownFileType = sourcecode.swift; path = Config.swift; sourceTree = "<group>"; };
		B8C5DB6D2C3F353D00865B1A /* InavailableFilterView.swift */ = {isa = PBXFileReference; lastKnownFileType = sourcecode.swift; path = InavailableFilterView.swift; sourceTree = "<group>"; };
		B8C5DB702C3F39B900865B1A /* FilteringSettingView.swift */ = {isa = PBXFileReference; lastKnownFileType = sourcecode.swift; path = FilteringSettingView.swift; sourceTree = "<group>"; };
		B8C5DB722C3F39C700865B1A /* FilteringSettingViewController.swift */ = {isa = PBXFileReference; lastKnownFileType = sourcecode.swift; path = FilteringSettingViewController.swift; sourceTree = "<group>"; };
		B8D549382C450C9600553BB5 /* MainHomeView.swift */ = {isa = PBXFileReference; lastKnownFileType = sourcecode.swift; path = MainHomeView.swift; sourceTree = "<group>"; };
		B8D5493A2C450E9600553BB5 /* FilterHeaderCell.swift */ = {isa = PBXFileReference; lastKnownFileType = sourcecode.swift; path = FilterHeaderCell.swift; sourceTree = "<group>"; };
		B8D5493C2C455A2100553BB5 /* MainHomeViewController.swift */ = {isa = PBXFileReference; lastKnownFileType = sourcecode.swift; path = MainHomeViewController.swift; sourceTree = "<group>"; };
		B8D5493E2C45B46D00553BB5 /* NonJobCardHeaderCell.swift */ = {isa = PBXFileReference; lastKnownFileType = sourcecode.swift; path = NonJobCardHeaderCell.swift; sourceTree = "<group>"; };
/* End PBXFileReference section */

/* Begin PBXFrameworksBuildPhase section */
		71E3C3C62C22BAF40026C4DD /* Frameworks */ = {
			isa = PBXFrameworksBuildPhase;
			buildActionMask = 2147483647;
			files = (
				71E3C3F92C241D900026C4DD /* Kingfisher in Frameworks */,
				2DC61F302C4213C7009F991F /* KakaoSDKCommon in Frameworks */,
				71E3C4042C241DD40026C4DD /* Moya in Frameworks */,
				71E3C4082C241DD40026C4DD /* RxMoya in Frameworks */,
				7121A13A2C3A6CEB0056DB8B /* RxCocoa in Frameworks */,
				71CCC0762C3F373400789A9B /* FSCalendar in Frameworks */,
				717D37EA2C32FA2F00A857DB /* SnapKit in Frameworks */,
				71E3C4012C241DA30026C4DD /* Then in Frameworks */,
				7121A13C2C3A6CEB0056DB8B /* RxRelay in Frameworks */,
				71E3C4062C241DD40026C4DD /* ReactiveMoya in Frameworks */,
				2DC61F2C2C4213C7009F991F /* KakaoSDK in Frameworks */,
				2DC61F2E2C4213C7009F991F /* KakaoSDKAuth in Frameworks */,
			);
			runOnlyForDeploymentPostprocessing = 0;
		};
/* End PBXFrameworksBuildPhase section */

/* Begin PBXGroup section */
		2D4EE3922C3DD5A000E3E95B /* Welcome */ = {
			isa = PBXGroup;
			children = (
				2D4EE39C2C3E6E3200E3E95B /* View */,
				2D4EE39D2C3E6E3A00E3E95B /* ViewController */,
			);
			path = Welcome;
			sourceTree = "<group>";
		};
		2D4EE39C2C3E6E3200E3E95B /* View */ = {
			isa = PBXGroup;
			children = (
				2D4EE3932C3DD5B700E3E95B /* WelcomeView.swift */,
			);
			path = View;
			sourceTree = "<group>";
		};
		2D4EE39D2C3E6E3A00E3E95B /* ViewController */ = {
			isa = PBXGroup;
			children = (
				2D4EE3952C3DD5CB00E3E95B /* WelcomeViewController.swift */,
			);
			path = ViewController;
			sourceTree = "<group>";
		};
		2D4EE3A02C3E787200E3E95B /* Profile */ = {
			isa = PBXGroup;
			children = (
				2D4EE3A82C3E78B800E3E95B /* View */,
				2D4EE3A72C3E78B400E3E95B /* ViewController */,
				2D4EE3A92C3E78BE00E3E95B /* ViewModel */,
			);
			path = Profile;
			sourceTree = "<group>";
		};
		2D4EE3A72C3E78B400E3E95B /* ViewController */ = {
			isa = PBXGroup;
			children = (
				2D4EE3A52C3E78A200E3E95B /* ProfileViewController.swift */,
			);
			path = ViewController;
			sourceTree = "<group>";
		};
		2D4EE3A82C3E78B800E3E95B /* View */ = {
			isa = PBXGroup;
			children = (
				2D4EE3A32C3E789200E3E95B /* ProfileView.swift */,
			);
			path = View;
			sourceTree = "<group>";
		};
		2D4EE3A92C3E78BE00E3E95B /* ViewModel */ = {
			isa = PBXGroup;
			children = (
				2D4EE3A12C3E788200E3E95B /* ProfileViewModel.swift */,
			);
			path = ViewModel;
			sourceTree = "<group>";
		};
		2D4EE3D82C3F520000E3E95B /* Onboarding */ = {
			isa = PBXGroup;
			children = (
				2D4EE3F02C40210700E3E95B /* ViewController */,
				2D4EE3EF2C4020F100E3E95B /* View */,
				2D4EE3EE2C4020E800E3E95B /* ViewModel */,
			);
			path = Onboarding;
			sourceTree = "<group>";
		};
		2D4EE3EE2C4020E800E3E95B /* ViewModel */ = {
			isa = PBXGroup;
			children = (
				2D4EE3EC2C4020DC00E3E95B /* OnboardingViewModel.swift */,
			);
			path = ViewModel;
			sourceTree = "<group>";
		};
		2D4EE3EF2C4020F100E3E95B /* View */ = {
			isa = PBXGroup;
			children = (
				2D4EE3E52C3FFF9200E3E95B /* OnboardingView.swift */,
			);
			path = View;
			sourceTree = "<group>";
		};
		2D4EE3F02C40210700E3E95B /* ViewController */ = {
			isa = PBXGroup;
			children = (
				2D4EE3E92C400ECB00E3E95B /* OnboardingViewController.swift */,
				2D4EE3E72C400D6900E3E95B /* OnboardingPageViewController.swift */,
			);
			path = ViewController;
			sourceTree = "<group>";
		};
		2DC61EEE2C40759F009F991F /* JobDetail */ = {
			isa = PBXGroup;
			children = (
				2DC61EEF2C4075AF009F991F /* ViewController */,
				2DC61EF02C4075BE009F991F /* View */,
				2DC61F082C418807009F991F /* Cell */,
				2DC61EF12C4075C9009F991F /* ViewModel */,
			);
			path = JobDetail;
			sourceTree = "<group>";
		};
		2DC61EEF2C4075AF009F991F /* ViewController */ = {
			isa = PBXGroup;
			children = (
				2DC61EF22C4075E3009F991F /* JobDetailViewController.swift */,
			);
			path = ViewController;
			sourceTree = "<group>";
		};
		2DC61EF02C4075BE009F991F /* View */ = {
			isa = PBXGroup;
			children = (
				2DC61F042C40926D009F991F /* JobDetailView.swift */,
			);
			path = View;
			sourceTree = "<group>";
		};
		2DC61EF12C4075C9009F991F /* ViewModel */ = {
			isa = PBXGroup;
			children = (
				2DC61EF62C4075F3009F991F /* JobDetailViewModel.swift */,
			);
			path = ViewModel;
			sourceTree = "<group>";
		};
		2DC61F082C418807009F991F /* Cell */ = {
			isa = PBXGroup;
			children = (
				2DC61EF82C407E65009F991F /* JobDetailTableViewHeaderCell.swift */,
				2DC61EF42C4075EB009F991F /* MainInfoTableViewCell.swift */,
				2DC61EFC2C40823C009F991F /* CompanyInfoTableViewCell.swift */,
				2DC61EFE2C40824A009F991F /* SummaryInfoTableViewCell.swift */,
				2DC61F002C40825D009F991F /* DetailInfoTableViewCell.swift */,
			);
			path = Cell;
			sourceTree = "<group>";
		};
		2DC61F132C41A52E009F991F /* Login */ = {
			isa = PBXGroup;
			children = (
				2DC61F162C41B23B009F991F /* ViwController */,
				2DC61F172C41B24C009F991F /* View */,
				2DC61F272C421324009F991F /* ViewModel */,
			);
			path = Login;
			sourceTree = "<group>";
		};
		2DC61F162C41B23B009F991F /* ViwController */ = {
			isa = PBXGroup;
			children = (
				2DC61F142C41AB54009F991F /* LoginViewController.swift */,
			);
			path = ViwController;
			sourceTree = "<group>";
		};
		2DC61F172C41B24C009F991F /* View */ = {
			isa = PBXGroup;
			children = (
				2DC61F182C41B261009F991F /* LoginView.swift */,
			);
			path = View;
			sourceTree = "<group>";
		};
		2DC61F272C421324009F991F /* ViewModel */ = {
			isa = PBXGroup;
			children = (
				2DC61F282C421335009F991F /* LoginViewModel.swift */,
			);
			path = ViewModel;
			sourceTree = "<group>";
		};
		2DC985F42C456ED800D46729 /* Search */ = {
			isa = PBXGroup;
			children = (
				2DC985F52C456F7500D46729 /* Cell */,
				2DC985FC2C456FB900D46729 /* View */,
				2DC985FF2C456FD900D46729 /* ViewController */,
				2DC986042C45703000D46729 /* ViewModel */,
			);
			path = Search;
			sourceTree = "<group>";
		};
		2DC985F52C456F7500D46729 /* Cell */ = {
			isa = PBXGroup;
			children = (
				2DC985F62C456F7E00D46729 /* AdvertisementCollectionViewCell.swift */,
				2DC985F82C456F9300D46729 /* RecommendCollectionViewCell.swift */,
				2DC985FA2C456FA400D46729 /* SearchCollectionViewHeaderCell.swift */,
			);
			path = Cell;
			sourceTree = "<group>";
		};
		2DC985FC2C456FB900D46729 /* View */ = {
			isa = PBXGroup;
			children = (
				2DC985FD2C456FC300D46729 /* SearchView.swift */,
			);
			path = View;
			sourceTree = "<group>";
		};
		2DC985FF2C456FD900D46729 /* ViewController */ = {
			isa = PBXGroup;
			children = (
				2DC986002C456FE900D46729 /* SearchViewController.swift */,
			);
			path = ViewController;
			sourceTree = "<group>";
		};
		2DC986042C45703000D46729 /* ViewModel */ = {
			isa = PBXGroup;
			children = (
				2DC986022C45701D00D46729 /* SearchViewModel.swift */,
			);
			path = ViewModel;
			sourceTree = "<group>";
		};
		2DC986092C46054D00D46729 /* Search */ = {
			isa = PBXGroup;
			children = (
				2DC9860A2C46056300D46729 /* RecommendAnnouncementModel.swift */,
				2DC9860C2C4605FC00D46729 /* AdvertisementsModel.swift */,
			);
			path = Search;
			sourceTree = "<group>";
		};
		7121A1312C396F980056DB8B /* UIComponents */ = {
			isa = PBXGroup;
			children = (
				7121A1412C3AE99D0056DB8B /* Cell */,
				7121A1322C396FB40056DB8B /* CustomButton.swift */,
				2DC61F062C4145CD009F991F /* CustomScrapButton.swift */,
				2D4EE3862C3D7CB200E3E95B /* CustomOnboardingButton.swift */,
				7121A1362C3A6C7C0056DB8B /* CustomAlertViewController.swift */,
				2D4EE3842C3D6E6B00E3E95B /* CustomProgressView.swift */,
				2DC986072C45FAC200D46729 /* CustomPageControl.swift */,
				2DC986052C45704600D46729 /* CustomSearchView.swift */,
				2D4EE38A2C3D9FD900E3E95B /* CustomDatePicker.swift */,
				7121A1522C3DE3680056DB8B /* CustomNavigationBar.swift */,
				7121A13F2C3AB9EE0056DB8B /* JobDetailInfoView.swift */,
				2DC61F022C4087B4009F991F /* JobSummaryInfoView.swift */,
			);
			path = UIComponents;
			sourceTree = "<group>";
		};
		7121A1412C3AE99D0056DB8B /* Cell */ = {
			isa = PBXGroup;
			children = (
				7121A1422C3AE9C20056DB8B /* PaletteCell.swift */,
			);
			path = Cell;
			sourceTree = "<group>";
		};
		7121A1442C3B079F0056DB8B /* Base */ = {
			isa = PBXGroup;
			children = (
				7121A1452C3B07AA0056DB8B /* BaseResponse.swift */,
			);
			path = Base;
			sourceTree = "<group>";
		};
		7121A1472C3B07F30056DB8B /* Announcements */ = {
			isa = PBXGroup;
			children = (
				7121A1482C3B08360056DB8B /* JobDetailModel.swift */,
			);
			path = Announcements;
			sourceTree = "<group>";
		};
		7121A14C2C3B09B30056DB8B /* UIKit+ */ = {
			isa = PBXGroup;
			children = (
				71E3C40E2C243B510026C4DD /* UIView+.swift */,
				71D7E6F02C2FFB5800C54EA7 /* CALayer+.swift */,
				71461ED32C3811E8002A6999 /* ViewController+.swift */,
				71461ED52C38150C002A6999 /* UILabel+.swift */,
				7121A1342C39CCF60056DB8B /* UIButton+.swift */,
			);
			path = "UIKit+";
			sourceTree = "<group>";
		};
		7121A14D2C3B09BF0056DB8B /* Foundation+ */ = {
			isa = PBXGroup;
			children = (
				2D4EE3882C3D9EA400E3E95B /* Date+.swift */,
				7121A1502C3B09E10056DB8B /* Result+.swift */,
				71780C312C45705C0073B731 /* Encodable+.swift */,
				71780C532C45A7DD0073B731 /* NetworkLoggerPlugin.swift */,
			);
			path = "Foundation+";
			sourceTree = "<group>";
		};
		716E08AA2C44346F00469E3B /* Config */ = {
			isa = PBXGroup;
			children = (
				716E08AB2C44349A00469E3B /* Config.xcconfig */,
				B8BE0E0F2C465AAD00B3D298 /* Config.swift */,
			);
			path = Config;
			sourceTree = "<group>";
		};
		71780C332C4572300073B731 /* Service */ = {
			isa = PBXGroup;
			children = (
				71780C342C45725E0073B731 /* Providers.swift */,
				71780C552C45A81E0073B731 /* AuthInterceptor.swift */,
			);
			path = Service;
			sourceTree = "<group>";
		};
		71780C382C45778D0073B731 /* TargetType */ = {
			isa = PBXGroup;
			children = (
				71780C392C4577FF0073B731 /* CalendarTargetType.swift */,
				71780C3B2C457DD70073B731 /* AuthTargetType.swift */,
				71780C472C458FF80073B731 /* HomeTargetType.swift */,
				71780C492C4591B90073B731 /* MyPageTargetType.swift */,
				71780C4B2C4598590073B731 /* ScrapsTargetType.swift */,
				71780C4D2C459F610073B731 /* FiltersTargetType.swift */,
				71780C4F2C45A2870073B731 /* AnnouncementsTargetType.swift */,
				71780C512C45A4950073B731 /* SearchTargetType.swift */,
			);
			path = TargetType;
			sourceTree = "<group>";
		};
		71780C412C4584DA0073B731 /* User */ = {
			isa = PBXGroup;
			children = (
				71780C3F2C4584D40073B731 /* UserManager.swift */,
			);
			path = User;
			sourceTree = "<group>";
		};
		71780C422C4586000073B731 /* SignIn */ = {
			isa = PBXGroup;
			children = (
				71780C432C45860C0073B731 /* SignInResponseModel.swift */,
				71780C452C4589400073B731 /* NewTokenModel.swift */,
			);
			path = SignIn;
			sourceTree = "<group>";
		};
		71CCC06D2C3F369A00789A9B /* Calendar */ = {
			isa = PBXGroup;
			children = (
				71CCC07D2C40376C00789A9B /* Cell */,
				71CCC0772C3FDAAC00789A9B /* ViewModel */,
				71CCC06F2C3F36C300789A9B /* ViewController */,
				71CCC06E2C3F36BB00789A9B /* View */,
			);
			path = Calendar;
			sourceTree = "<group>";
		};
		71CCC06E2C3F36BB00789A9B /* View */ = {
			isa = PBXGroup;
			children = (
				71CCC0722C3F36EA00789A9B /* TNCalendarView.swift */,
			);
			path = View;
			sourceTree = "<group>";
		};
		71CCC06F2C3F36C300789A9B /* ViewController */ = {
			isa = PBXGroup;
			children = (
				71CCC0702C3F36DE00789A9B /* TNCalendarViewController.swift */,
			);
			path = ViewController;
			sourceTree = "<group>";
		};
		71CCC0772C3FDAAC00789A9B /* ViewModel */ = {
			isa = PBXGroup;
			children = (
				71CCC0782C3FDABF00789A9B /* TNCalendarViewModel.swift */,
			);
			path = ViewModel;
			sourceTree = "<group>";
		};
		71CCC07A2C3FDAEB00789A9B /* Protocols */ = {
			isa = PBXGroup;
			children = (
				71CCC07B2C3FDB0400789A9B /* ViewModelType.swift */,
			);
			path = Protocols;
			sourceTree = "<group>";
		};
		71CCC07D2C40376C00789A9B /* Cell */ = {
			isa = PBXGroup;
			children = (
				71CCC07E2C40377E00789A9B /* TNCalendarDateCell.swift */,
				71B509202C41AD35006D8E56 /* JobListingCell.swift */,
				71B509242C41D027006D8E56 /* CalendarDateHeaderView.swift */,
				71B5092A2C42DBBF006D8E56 /* CalendarDateFooterView.swift */,
			);
			path = Cell;
			sourceTree = "<group>";
		};
		71CCC0802C41282400789A9B /* Calendar */ = {
			isa = PBXGroup;
			children = (
				71B509262C41FB41006D8E56 /* ScrapModel.swift */,
			);
			path = Calendar;
			sourceTree = "<group>";
		};
		71D7E6EB2C2FF41200C54EA7 /* TabBar */ = {
			isa = PBXGroup;
			children = (
				71D7E6EC2C2FF42500C54EA7 /* TNTabBarController.swift */,
				71D7E6EE2C2FF48800C54EA7 /* TNTabBarItem.swift */,
			);
			path = TabBar;
			sourceTree = "<group>";
		};
		71E3C3C02C22BAF40026C4DD = {
			isa = PBXGroup;
			children = (
				71E3C40C2C2423280026C4DD /* .swiftlint.yml */,
				71E3C3CB2C22BAF40026C4DD /* Terning-iOS */,
				71E3C3CA2C22BAF40026C4DD /* Products */,
			);
			sourceTree = "<group>";
		};
		71E3C3CA2C22BAF40026C4DD /* Products */ = {
			isa = PBXGroup;
			children = (
				71E3C3C92C22BAF40026C4DD /* Terning-iOS.app */,
			);
			name = Products;
			sourceTree = "<group>";
		};
		71E3C3CB2C22BAF40026C4DD /* Terning-iOS */ = {
			isa = PBXGroup;
			children = (
				71780C592C4627A30073B731 /* Terning-iOS.entitlements */,
				71E3C3E02C2414870026C4DD /* Application */,
				71E3C3E42C241B8A0026C4DD /* Resource */,
				71E3C3E72C241BF20026C4DD /* Source */,
				71E3C3E12C241B170026C4DD /* Network */,
				71E3C3DA2C22BAF50026C4DD /* Info.plist */,
			);
			path = "Terning-iOS";
			sourceTree = "<group>";
		};
		71E3C3E02C2414870026C4DD /* Application */ = {
			isa = PBXGroup;
			children = (
				71E3C3CC2C22BAF40026C4DD /* AppDelegate.swift */,
				71E3C3CE2C22BAF40026C4DD /* SceneDelegate.swift */,
				71E3C3D72C22BAF50026C4DD /* LaunchScreen.storyboard */,
				71E3C3D02C22BAF40026C4DD /* ViewController.swift */,
			);
			path = Application;
			sourceTree = "<group>";
		};
		71E3C3E12C241B170026C4DD /* Network */ = {
			isa = PBXGroup;
			children = (
				71780C412C4584DA0073B731 /* User */,
				71780C382C45778D0073B731 /* TargetType */,
				7121A1442C3B079F0056DB8B /* Base */,
				71780C332C4572300073B731 /* Service */,
			);
			path = Network;
			sourceTree = "<group>";
		};
		71E3C3E42C241B8A0026C4DD /* Resource */ = {
			isa = PBXGroup;
			children = (
				716E08AA2C44346F00469E3B /* Config */,
				7121A1312C396F980056DB8B /* UIComponents */,
				71E3C4102C243BBC0026C4DD /* Utils */,
				71E3C3EC2C241C500026C4DD /* Literal */,
				71E3C3EA2C241C3D0026C4DD /* Fonts */,
				71E3C3EB2C241C480026C4DD /* Extension */,
				71CCC07A2C3FDAEB00789A9B /* Protocols */,
				71E3C3D52C22BAF50026C4DD /* Assets.xcassets */,
			);
			path = Resource;
			sourceTree = "<group>";
		};
		71E3C3E72C241BF20026C4DD /* Source */ = {
			isa = PBXGroup;
			children = (
				71E3C3E82C241C020026C4DD /* Presentation */,
				71E3C3E92C241C1B0026C4DD /* Data */,
			);
			path = Source;
			sourceTree = "<group>";
		};
		71E3C3E82C241C020026C4DD /* Presentation */ = {
			isa = PBXGroup;
			children = (
				2DC985F42C456ED800D46729 /* Search */,
				71CCC06D2C3F369A00789A9B /* Calendar */,
				2DC61F132C41A52E009F991F /* Login */,
				2DC61EEE2C40759F009F991F /* JobDetail */,
				2D4EE3D82C3F520000E3E95B /* Onboarding */,
				2D4EE3A02C3E787200E3E95B /* Profile */,
				2D4EE3922C3DD5A000E3E95B /* Welcome */,
				B8C5DB6F2C3F39A500865B1A /* FilteringSetting */,
				B871D7142C3E8498008D78C2 /* Home */,
				71D7E6EB2C2FF41200C54EA7 /* TabBar */,
				71E3C3F32C241CB00026C4DD /* .gitkeep */,
			);
			path = Presentation;
			sourceTree = "<group>";
		};
		71E3C3E92C241C1B0026C4DD /* Data */ = {
			isa = PBXGroup;
			children = (
				2DC986092C46054D00D46729 /* Search */,
				B8BE0E122C4666BD00B3D298 /* Home */,
				71780C422C4586000073B731 /* SignIn */,
				71CCC0802C41282400789A9B /* Calendar */,
				7121A1472C3B07F30056DB8B /* Announcements */,
			);
			path = Data;
			sourceTree = "<group>";
		};
		71E3C3EA2C241C3D0026C4DD /* Fonts */ = {
			isa = PBXGroup;
			children = (
				71461EAC2C370439002A6999 /* Pretendard-Light.otf */,
				71461EAE2C370439002A6999 /* Pretendard-Medium.otf */,
				71461EB12C37043A002A6999 /* Pretendard-Regular.otf */,
				71461EB02C37043A002A6999 /* Pretendard-SemiBold.otf */,
			);
			path = Fonts;
			sourceTree = "<group>";
		};
		71E3C3EB2C241C480026C4DD /* Extension */ = {
			isa = PBXGroup;
			children = (
				7121A14D2C3B09BF0056DB8B /* Foundation+ */,
				7121A14C2C3B09B30056DB8B /* UIKit+ */,
			);
			path = Extension;
			sourceTree = "<group>";
		};
		71E3C3EC2C241C500026C4DD /* Literal */ = {
			isa = PBXGroup;
			children = (
				71461EBC2C3705B6002A6999 /* FontLiterals.swift */,
			);
			path = Literal;
			sourceTree = "<group>";
		};
		71E3C4102C243BBC0026C4DD /* Utils */ = {
			isa = PBXGroup;
			children = (
				71E3C4112C243BDD0026C4DD /* getClassName.swift */,
				7121A13D2C3A98E10056DB8B /* LabelFactory.swift */,
				7121A14A2C3B09800056DB8B /* setImage.swift */,
				2D4EE3AA2C3E854E00E3E95B /* ValidationMessage.swift */,
				7121A1542C3EA01F0056DB8B /* Toast.swift */,
				7121A1562C3EA4C10056DB8B /* LoadingIndicator.swift */,
				71B509222C41BD90006D8E56 /* CompositionalLayout.swift */,
				71B5092C2C4326F8006D8E56 /* adjusted+.swift */,
				71B5092E2C432F90006D8E56 /* ViewControllerUtils.swift */,
				71780C3D2C45849A0073B731 /* UserDefaultWrapper.swift */,
			);
			path = Utils;
			sourceTree = "<group>";
		};
		B871D7142C3E8498008D78C2 /* Home */ = {
			isa = PBXGroup;
			children = (
				B8D5493C2C455A2100553BB5 /* MainHomeViewController.swift */,
				B8D549382C450C9600553BB5 /* MainHomeView.swift */,
				B871D7152C3E84A1008D78C2 /* Cells */,
			);
			path = Home;
			sourceTree = "<group>";
		};
		B871D7152C3E84A1008D78C2 /* Cells */ = {
			isa = PBXGroup;
			children = (
				B871D7162C3E84BD008D78C2 /* HeaderCells */,
				B871D7172C3E84D5008D78C2 /* ScrapInfoCells */,
				B871D71B2C3E8513008D78C2 /* JobCardCells */,
			);
			path = Cells;
			sourceTree = "<group>";
		};
		B871D7162C3E84BD008D78C2 /* HeaderCells */ = {
			isa = PBXGroup;
			children = (
				B871D7242C3E8A53008D78C2 /* ScrapInfoHeaderCell.swift */,
				B8D5493A2C450E9600553BB5 /* FilterHeaderCell.swift */,
				B8D5493E2C45B46D00553BB5 /* NonJobCardHeaderCell.swift */,
				B86A67572C41166800CB90E5 /* FilterButton.swift */,
			);
			path = HeaderCells;
			sourceTree = "<group>";
		};
		B871D7172C3E84D5008D78C2 /* ScrapInfoCells */ = {
			isa = PBXGroup;
			children = (
				B871D7302C3E9118008D78C2 /* NonScrapInfoCells.swift */,
				B871D7322C3EC148008D78C2 /* IsScrapInfoViewCell.swift */,
				B871D7382C3F1A49008D78C2 /* CheckDeadlineCell.swift */,
			);
			path = ScrapInfoCells;
			sourceTree = "<group>";
		};
		B871D71B2C3E8513008D78C2 /* JobCardCells */ = {
			isa = PBXGroup;
			children = (
				B8C5DB6D2C3F353D00865B1A /* InavailableFilterView.swift */,
				B871D7282C3E8E46008D78C2 /* JobCardScrapedCell.swift */,
				B871D7362C3EF87B008D78C2 /* NonJobCardCell.swift */,
			);
			path = JobCardCells;
			sourceTree = "<group>";
		};
		B8BE0E122C4666BD00B3D298 /* Home */ = {
			isa = PBXGroup;
			children = (
				B871D7222C3E8835008D78C2 /* JobCardModel.swift */,
				B871D7342C3ECF37008D78C2 /* ScrapedAndDeadlineModel.swift */,
			);
			path = Home;
			sourceTree = "<group>";
		};
		B8C5DB6F2C3F39A500865B1A /* FilteringSetting */ = {
			isa = PBXGroup;
			children = (
				B8C5DB702C3F39B900865B1A /* FilteringSettingView.swift */,
				B8C5DB722C3F39C700865B1A /* FilteringSettingViewController.swift */,
			);
			path = FilteringSetting;
			sourceTree = "<group>";
		};
/* End PBXGroup section */

/* Begin PBXNativeTarget section */
		71E3C3C82C22BAF40026C4DD /* Terning-iOS */ = {
			isa = PBXNativeTarget;
			buildConfigurationList = 71E3C3DD2C22BAF50026C4DD /* Build configuration list for PBXNativeTarget "Terning-iOS" */;
			buildPhases = (
				71E3C3C52C22BAF40026C4DD /* Sources */,
				71E3C3C62C22BAF40026C4DD /* Frameworks */,
				71E3C3C72C22BAF40026C4DD /* Resources */,
				71E3C4092C24217E0026C4DD /* SwiftLint Script */,
			);
			buildRules = (
			);
			dependencies = (
			);
			name = "Terning-iOS";
			packageProductDependencies = (
				71E3C3F82C241D900026C4DD /* Kingfisher */,
				71E3C4002C241DA30026C4DD /* Then */,
				71E3C4032C241DD40026C4DD /* Moya */,
				71E3C4052C241DD40026C4DD /* ReactiveMoya */,
				71E3C4072C241DD40026C4DD /* RxMoya */,
				717D37E92C32FA2F00A857DB /* SnapKit */,
				7121A1392C3A6CEB0056DB8B /* RxCocoa */,
				7121A13B2C3A6CEB0056DB8B /* RxRelay */,
				2DC61F2B2C4213C7009F991F /* KakaoSDK */,
				2DC61F2D2C4213C7009F991F /* KakaoSDKAuth */,
				2DC61F2F2C4213C7009F991F /* KakaoSDKCommon */,
				71CCC0752C3F373400789A9B /* FSCalendar */,
			);
			productName = "Terning-iOS";
			productReference = 71E3C3C92C22BAF40026C4DD /* Terning-iOS.app */;
			productType = "com.apple.product-type.application";
		};
/* End PBXNativeTarget section */

/* Begin PBXProject section */
		71E3C3C12C22BAF40026C4DD /* Project object */ = {
			isa = PBXProject;
			attributes = {
				BuildIndependentTargetsInParallel = 1;
				LastSwiftUpdateCheck = 1500;
				LastUpgradeCheck = 1500;
				TargetAttributes = {
					71E3C3C82C22BAF40026C4DD = {
						CreatedOnToolsVersion = 15.0;
					};
				};
			};
			buildConfigurationList = 71E3C3C42C22BAF40026C4DD /* Build configuration list for PBXProject "Terning-iOS" */;
			compatibilityVersion = "Xcode 14.0";
			developmentRegion = en;
			hasScannedForEncodings = 0;
			knownRegions = (
				en,
				Base,
			);
			mainGroup = 71E3C3C02C22BAF40026C4DD;
			packageReferences = (
				71E3C3F72C241D900026C4DD /* XCRemoteSwiftPackageReference "Kingfisher" */,
				71E3C3FF2C241DA30026C4DD /* XCRemoteSwiftPackageReference "Then" */,
				71E3C4022C241DD40026C4DD /* XCRemoteSwiftPackageReference "Moya" */,
				717D37E82C32FA2F00A857DB /* XCRemoteSwiftPackageReference "SnapKit" */,
				7121A1382C3A6CEB0056DB8B /* XCRemoteSwiftPackageReference "RxSwift" */,
				2DC61F2A2C4213C7009F991F /* XCRemoteSwiftPackageReference "kakao-ios-sdk" */,
				71CCC0742C3F373400789A9B /* XCRemoteSwiftPackageReference "FSCalendar" */,
			);
			productRefGroup = 71E3C3CA2C22BAF40026C4DD /* Products */;
			projectDirPath = "";
			projectRoot = "";
			targets = (
				71E3C3C82C22BAF40026C4DD /* Terning-iOS */,
			);
		};
/* End PBXProject section */

/* Begin PBXResourcesBuildPhase section */
		71E3C3C72C22BAF40026C4DD /* Resources */ = {
			isa = PBXResourcesBuildPhase;
			buildActionMask = 2147483647;
			files = (
				71E3C40D2C2423280026C4DD /* .swiftlint.yml in Resources */,
				71461EB72C37043A002A6999 /* Pretendard-Medium.otf in Resources */,
				71E3C3D92C22BAF50026C4DD /* LaunchScreen.storyboard in Resources */,
				71E3C3D62C22BAF50026C4DD /* Assets.xcassets in Resources */,
				71461EB92C37043A002A6999 /* Pretendard-SemiBold.otf in Resources */,
				71461EBA2C37043A002A6999 /* Pretendard-Regular.otf in Resources */,
				71461EB52C37043A002A6999 /* Pretendard-Light.otf in Resources */,
			);
			runOnlyForDeploymentPostprocessing = 0;
		};
/* End PBXResourcesBuildPhase section */

/* Begin PBXShellScriptBuildPhase section */
		71E3C4092C24217E0026C4DD /* SwiftLint Script */ = {
			isa = PBXShellScriptBuildPhase;
			alwaysOutOfDate = 1;
			buildActionMask = 2147483647;
			files = (
			);
			inputFileListPaths = (
			);
			inputPaths = (
			);
			name = "SwiftLint Script";
			outputFileListPaths = (
			);
			outputPaths = (
			);
			runOnlyForDeploymentPostprocessing = 0;
			shellPath = /bin/sh;
			shellScript = "# Type a script or drag a script file from your workspace to insert its path.\nif [[ \"$(uname -m)\" == arm64 ]]; then\n    export PATH=\"/opt/homebrew/bin:$PATH\"\nfi\n\nif which swiftlint > /dev/null; then\n  swiftlint\nelse\n  echo \"warning: SwiftLint not installed, download from https://github.com/realm/SwiftLint\"\nfi\n";
		};
/* End PBXShellScriptBuildPhase section */

/* Begin PBXSourcesBuildPhase section */
		71E3C3C52C22BAF40026C4DD /* Sources */ = {
			isa = PBXSourcesBuildPhase;
			buildActionMask = 2147483647;
			files = (
				2DC61F012C40825D009F991F /* DetailInfoTableViewCell.swift in Sources */,
				2DC986062C45704600D46729 /* CustomSearchView.swift in Sources */,
				71780C4C2C4598590073B731 /* ScrapsTargetType.swift in Sources */,
				B871D7332C3EC148008D78C2 /* IsScrapInfoViewCell.swift in Sources */,
				2D4EE3962C3DD5CB00E3E95B /* WelcomeViewController.swift in Sources */,
				7121A1572C3EA4C10056DB8B /* LoadingIndicator.swift in Sources */,
				71E3C40F2C243B510026C4DD /* UIView+.swift in Sources */,
				2D4EE3A42C3E789200E3E95B /* ProfileView.swift in Sources */,
				71E3C3D12C22BAF40026C4DD /* ViewController.swift in Sources */,
				B8C5DB712C3F39B900865B1A /* FilteringSettingView.swift in Sources */,
				2DC9860B2C46056300D46729 /* RecommendAnnouncementModel.swift in Sources */,
				7121A1432C3AE9C20056DB8B /* PaletteCell.swift in Sources */,
				2D4EE3E62C3FFF9200E3E95B /* OnboardingView.swift in Sources */,
				71780C4A2C4591B90073B731 /* MyPageTargetType.swift in Sources */,
				71D7E6EF2C2FF48800C54EA7 /* TNTabBarItem.swift in Sources */,
				2DC61EFD2C40823C009F991F /* CompanyInfoTableViewCell.swift in Sources */,
				7121A13E2C3A98E10056DB8B /* LabelFactory.swift in Sources */,
				71780C562C45A81E0073B731 /* AuthInterceptor.swift in Sources */,
				71B509212C41AD35006D8E56 /* JobListingCell.swift in Sources */,
				2D4EE3AB2C3E854E00E3E95B /* ValidationMessage.swift in Sources */,
				71780C542C45A7DD0073B731 /* NetworkLoggerPlugin.swift in Sources */,
				71780C502C45A2870073B731 /* AnnouncementsTargetType.swift in Sources */,
				71B5092F2C432F90006D8E56 /* ViewControllerUtils.swift in Sources */,
				71780C402C4584D40073B731 /* UserManager.swift in Sources */,
				71E3C3CD2C22BAF40026C4DD /* AppDelegate.swift in Sources */,
				71780C442C45860C0073B731 /* SignInResponseModel.swift in Sources */,
				2D4EE38B2C3D9FD900E3E95B /* CustomDatePicker.swift in Sources */,
				2D4EE3942C3DD5B700E3E95B /* WelcomeView.swift in Sources */,
				71461ED42C3811E8002A6999 /* ViewController+.swift in Sources */,
				B8D5493D2C455A2100553BB5 /* MainHomeViewController.swift in Sources */,
				71E3C4122C243BDD0026C4DD /* getClassName.swift in Sources */,
				B8BE0E102C465AAD00B3D298 /* Config.swift in Sources */,
				71CCC0792C3FDABF00789A9B /* TNCalendarViewModel.swift in Sources */,
				71CCC0732C3F36EA00789A9B /* TNCalendarView.swift in Sources */,
				2DC986082C45FAC200D46729 /* CustomPageControl.swift in Sources */,
				71CCC07C2C3FDB0400789A9B /* ViewModelType.swift in Sources */,
				71B509272C41FB41006D8E56 /* ScrapModel.swift in Sources */,
				71D7E6F12C2FFB5800C54EA7 /* CALayer+.swift in Sources */,
				71780C322C45705C0073B731 /* Encodable+.swift in Sources */,
				2DC61EFF2C40824A009F991F /* SummaryInfoTableViewCell.swift in Sources */,
				71B5092D2C4326F8006D8E56 /* adjusted+.swift in Sources */,
				B871D7352C3ECF37008D78C2 /* ScrapedAndDeadlineModel.swift in Sources */,
				2D4EE3A22C3E788200E3E95B /* ProfileViewModel.swift in Sources */,
				2DC985F92C456F9300D46729 /* RecommendCollectionViewCell.swift in Sources */,
				2DC986032C45701D00D46729 /* SearchViewModel.swift in Sources */,
				71CCC0712C3F36DE00789A9B /* TNCalendarViewController.swift in Sources */,
				7121A1512C3B09E10056DB8B /* Result+.swift in Sources */,
				2DC986012C456FE900D46729 /* SearchViewController.swift in Sources */,
				7121A1462C3B07AA0056DB8B /* BaseResponse.swift in Sources */,
				71CCC07F2C40377E00789A9B /* TNCalendarDateCell.swift in Sources */,
				B8C5DB6E2C3F353D00865B1A /* InavailableFilterView.swift in Sources */,
				7121A1352C39CCF60056DB8B /* UIButton+.swift in Sources */,
				7121A1552C3EA01F0056DB8B /* Toast.swift in Sources */,
				71E3C3CF2C22BAF40026C4DD /* SceneDelegate.swift in Sources */,
				2DC61EF52C4075EB009F991F /* MainInfoTableViewCell.swift in Sources */,
				2DC61F292C421335009F991F /* LoginViewModel.swift in Sources */,
				71780C3C2C457DD70073B731 /* AuthTargetType.swift in Sources */,
				2DC61F072C4145CD009F991F /* CustomScrapButton.swift in Sources */,
				2D4EE3E82C400D6900E3E95B /* OnboardingPageViewController.swift in Sources */,
				71780C4E2C459F610073B731 /* FiltersTargetType.swift in Sources */,
				2D4EE3EA2C400ECB00E3E95B /* OnboardingViewController.swift in Sources */,
				71780C3A2C4577FF0073B731 /* CalendarTargetType.swift in Sources */,
				B871D7392C3F1A49008D78C2 /* CheckDeadlineCell.swift in Sources */,
				2DC61F032C4087B4009F991F /* JobSummaryInfoView.swift in Sources */,
				71780C462C4589400073B731 /* NewTokenModel.swift in Sources */,
				B871D7372C3EF87B008D78C2 /* NonJobCardCell.swift in Sources */,
				71780C482C458FF80073B731 /* HomeTargetType.swift in Sources */,
				71780C3E2C45849A0073B731 /* UserDefaultWrapper.swift in Sources */,
				7121A14B2C3B09800056DB8B /* setImage.swift in Sources */,
				B871D7292C3E8E46008D78C2 /* JobCardScrapedCell.swift in Sources */,
				2DC61EF32C4075E3009F991F /* JobDetailViewController.swift in Sources */,
				2D4EE3852C3D6E6B00E3E95B /* CustomProgressView.swift in Sources */,
				2DC61EF92C407E65009F991F /* JobDetailTableViewHeaderCell.swift in Sources */,
				71780C352C45725E0073B731 /* Providers.swift in Sources */,
				71780C522C45A4950073B731 /* SearchTargetType.swift in Sources */,
				B8C5DB732C3F39C700865B1A /* FilteringSettingViewController.swift in Sources */,
				2DC9860D2C4605FC00D46729 /* AdvertisementsModel.swift in Sources */,
				B86A67582C41166900CB90E5 /* FilterButton.swift in Sources */,
				2DC985FE2C456FC300D46729 /* SearchView.swift in Sources */,
				2D4EE3A62C3E78A200E3E95B /* ProfileViewController.swift in Sources */,
				71B509252C41D027006D8E56 /* CalendarDateHeaderView.swift in Sources */,
				B8D5493F2C45B46D00553BB5 /* NonJobCardHeaderCell.swift in Sources */,
				2DC61F192C41B261009F991F /* LoginView.swift in Sources */,
				7121A1332C396FB40056DB8B /* CustomButton.swift in Sources */,
				B8D5493B2C450E9600553BB5 /* FilterHeaderCell.swift in Sources */,
				2DC61EF72C4075F3009F991F /* JobDetailViewModel.swift in Sources */,
				B871D7232C3E8836008D78C2 /* JobCardModel.swift in Sources */,
				2DC985F72C456F7E00D46729 /* AdvertisementCollectionViewCell.swift in Sources */,
				B871D7312C3E9118008D78C2 /* NonScrapInfoCells.swift in Sources */,
				2D4EE3892C3D9EA400E3E95B /* Date+.swift in Sources */,
				7121A1532C3DE3680056DB8B /* CustomNavigationBar.swift in Sources */,
				71461ED62C38150C002A6999 /* UILabel+.swift in Sources */,
				71B509232C41BD90006D8E56 /* CompositionalLayout.swift in Sources */,
				71D7E6ED2C2FF42500C54EA7 /* TNTabBarController.swift in Sources */,
				2DC61F152C41AB54009F991F /* LoginViewController.swift in Sources */,
				B8D549392C450C9600553BB5 /* MainHomeView.swift in Sources */,
				2DC61F052C40926D009F991F /* JobDetailView.swift in Sources */,
				7121A1492C3B08360056DB8B /* JobDetailModel.swift in Sources */,
				2D4EE3ED2C4020DC00E3E95B /* OnboardingViewModel.swift in Sources */,
				71B5092B2C42DBBF006D8E56 /* CalendarDateFooterView.swift in Sources */,
				7121A1372C3A6C7C0056DB8B /* CustomAlertViewController.swift in Sources */,
				2D4EE3872C3D7CB200E3E95B /* CustomOnboardingButton.swift in Sources */,
				2DC985FB2C456FA400D46729 /* SearchCollectionViewHeaderCell.swift in Sources */,
				71461EBD2C3705B6002A6999 /* FontLiterals.swift in Sources */,
				B871D7252C3E8A53008D78C2 /* ScrapInfoHeaderCell.swift in Sources */,
				7121A1402C3AB9EE0056DB8B /* JobDetailInfoView.swift in Sources */,
			);
			runOnlyForDeploymentPostprocessing = 0;
		};
/* End PBXSourcesBuildPhase section */

/* Begin PBXVariantGroup section */
		71E3C3D72C22BAF50026C4DD /* LaunchScreen.storyboard */ = {
			isa = PBXVariantGroup;
			children = (
				71E3C3D82C22BAF50026C4DD /* Base */,
			);
			name = LaunchScreen.storyboard;
			sourceTree = "<group>";
		};
/* End PBXVariantGroup section */

/* Begin XCBuildConfiguration section */
		71E3C3DB2C22BAF50026C4DD /* Debug */ = {
			isa = XCBuildConfiguration;
			buildSettings = {
				ALWAYS_SEARCH_USER_PATHS = NO;
				ASSETCATALOG_COMPILER_GENERATE_SWIFT_ASSET_SYMBOL_EXTENSIONS = YES;
				CLANG_ANALYZER_NONNULL = YES;
				CLANG_ANALYZER_NUMBER_OBJECT_CONVERSION = YES_AGGRESSIVE;
				CLANG_CXX_LANGUAGE_STANDARD = "gnu++20";
				CLANG_ENABLE_MODULES = YES;
				CLANG_ENABLE_OBJC_ARC = YES;
				CLANG_ENABLE_OBJC_WEAK = YES;
				CLANG_WARN_BLOCK_CAPTURE_AUTORELEASING = YES;
				CLANG_WARN_BOOL_CONVERSION = YES;
				CLANG_WARN_COMMA = YES;
				CLANG_WARN_CONSTANT_CONVERSION = YES;
				CLANG_WARN_DEPRECATED_OBJC_IMPLEMENTATIONS = YES;
				CLANG_WARN_DIRECT_OBJC_ISA_USAGE = YES_ERROR;
				CLANG_WARN_DOCUMENTATION_COMMENTS = YES;
				CLANG_WARN_EMPTY_BODY = YES;
				CLANG_WARN_ENUM_CONVERSION = YES;
				CLANG_WARN_INFINITE_RECURSION = YES;
				CLANG_WARN_INT_CONVERSION = YES;
				CLANG_WARN_NON_LITERAL_NULL_CONVERSION = YES;
				CLANG_WARN_OBJC_IMPLICIT_RETAIN_SELF = YES;
				CLANG_WARN_OBJC_LITERAL_CONVERSION = YES;
				CLANG_WARN_OBJC_ROOT_CLASS = YES_ERROR;
				CLANG_WARN_QUOTED_INCLUDE_IN_FRAMEWORK_HEADER = YES;
				CLANG_WARN_RANGE_LOOP_ANALYSIS = YES;
				CLANG_WARN_STRICT_PROTOTYPES = YES;
				CLANG_WARN_SUSPICIOUS_MOVE = YES;
				CLANG_WARN_UNGUARDED_AVAILABILITY = YES_AGGRESSIVE;
				CLANG_WARN_UNREACHABLE_CODE = YES;
				CLANG_WARN__DUPLICATE_METHOD_MATCH = YES;
				COPY_PHASE_STRIP = NO;
				DEBUG_INFORMATION_FORMAT = dwarf;
				ENABLE_STRICT_OBJC_MSGSEND = YES;
				ENABLE_TESTABILITY = YES;
				ENABLE_USER_SCRIPT_SANDBOXING = NO;
				GCC_C_LANGUAGE_STANDARD = gnu17;
				GCC_DYNAMIC_NO_PIC = NO;
				GCC_NO_COMMON_BLOCKS = YES;
				GCC_OPTIMIZATION_LEVEL = 0;
				GCC_PREPROCESSOR_DEFINITIONS = (
					"DEBUG=1",
					"$(inherited)",
				);
				GCC_WARN_64_TO_32_BIT_CONVERSION = YES;
				GCC_WARN_ABOUT_RETURN_TYPE = YES_ERROR;
				GCC_WARN_UNDECLARED_SELECTOR = YES;
				GCC_WARN_UNINITIALIZED_AUTOS = YES_AGGRESSIVE;
				GCC_WARN_UNUSED_FUNCTION = YES;
				GCC_WARN_UNUSED_VARIABLE = YES;
				IPHONEOS_DEPLOYMENT_TARGET = 15.0;
				LOCALIZATION_PREFERS_STRING_CATALOGS = YES;
				MTL_ENABLE_DEBUG_INFO = INCLUDE_SOURCE;
				MTL_FAST_MATH = YES;
				ONLY_ACTIVE_ARCH = YES;
				SDKROOT = iphoneos;
				SWIFT_ACTIVE_COMPILATION_CONDITIONS = "DEBUG $(inherited)";
				SWIFT_OPTIMIZATION_LEVEL = "-Onone";
			};
			name = Debug;
		};
		71E3C3DC2C22BAF50026C4DD /* Release */ = {
			isa = XCBuildConfiguration;
			buildSettings = {
				ALWAYS_SEARCH_USER_PATHS = NO;
				ASSETCATALOG_COMPILER_GENERATE_SWIFT_ASSET_SYMBOL_EXTENSIONS = YES;
				CLANG_ANALYZER_NONNULL = YES;
				CLANG_ANALYZER_NUMBER_OBJECT_CONVERSION = YES_AGGRESSIVE;
				CLANG_CXX_LANGUAGE_STANDARD = "gnu++20";
				CLANG_ENABLE_MODULES = YES;
				CLANG_ENABLE_OBJC_ARC = YES;
				CLANG_ENABLE_OBJC_WEAK = YES;
				CLANG_WARN_BLOCK_CAPTURE_AUTORELEASING = YES;
				CLANG_WARN_BOOL_CONVERSION = YES;
				CLANG_WARN_COMMA = YES;
				CLANG_WARN_CONSTANT_CONVERSION = YES;
				CLANG_WARN_DEPRECATED_OBJC_IMPLEMENTATIONS = YES;
				CLANG_WARN_DIRECT_OBJC_ISA_USAGE = YES_ERROR;
				CLANG_WARN_DOCUMENTATION_COMMENTS = YES;
				CLANG_WARN_EMPTY_BODY = YES;
				CLANG_WARN_ENUM_CONVERSION = YES;
				CLANG_WARN_INFINITE_RECURSION = YES;
				CLANG_WARN_INT_CONVERSION = YES;
				CLANG_WARN_NON_LITERAL_NULL_CONVERSION = YES;
				CLANG_WARN_OBJC_IMPLICIT_RETAIN_SELF = YES;
				CLANG_WARN_OBJC_LITERAL_CONVERSION = YES;
				CLANG_WARN_OBJC_ROOT_CLASS = YES_ERROR;
				CLANG_WARN_QUOTED_INCLUDE_IN_FRAMEWORK_HEADER = YES;
				CLANG_WARN_RANGE_LOOP_ANALYSIS = YES;
				CLANG_WARN_STRICT_PROTOTYPES = YES;
				CLANG_WARN_SUSPICIOUS_MOVE = YES;
				CLANG_WARN_UNGUARDED_AVAILABILITY = YES_AGGRESSIVE;
				CLANG_WARN_UNREACHABLE_CODE = YES;
				CLANG_WARN__DUPLICATE_METHOD_MATCH = YES;
				COPY_PHASE_STRIP = NO;
				DEBUG_INFORMATION_FORMAT = "dwarf-with-dsym";
				ENABLE_NS_ASSERTIONS = NO;
				ENABLE_STRICT_OBJC_MSGSEND = YES;
				ENABLE_USER_SCRIPT_SANDBOXING = NO;
				GCC_C_LANGUAGE_STANDARD = gnu17;
				GCC_NO_COMMON_BLOCKS = YES;
				GCC_WARN_64_TO_32_BIT_CONVERSION = YES;
				GCC_WARN_ABOUT_RETURN_TYPE = YES_ERROR;
				GCC_WARN_UNDECLARED_SELECTOR = YES;
				GCC_WARN_UNINITIALIZED_AUTOS = YES_AGGRESSIVE;
				GCC_WARN_UNUSED_FUNCTION = YES;
				GCC_WARN_UNUSED_VARIABLE = YES;
				IPHONEOS_DEPLOYMENT_TARGET = 15.0;
				LOCALIZATION_PREFERS_STRING_CATALOGS = YES;
				MTL_ENABLE_DEBUG_INFO = NO;
				MTL_FAST_MATH = YES;
				SDKROOT = iphoneos;
				SWIFT_COMPILATION_MODE = wholemodule;
				VALIDATE_PRODUCT = YES;
			};
			name = Release;
		};
		71E3C3DE2C22BAF50026C4DD /* Debug */ = {
			isa = XCBuildConfiguration;
			buildSettings = {
				ASSETCATALOG_COMPILER_APPICON_NAME = AppIcon;
				ASSETCATALOG_COMPILER_GLOBAL_ACCENT_COLOR_NAME = AccentColor;
				CODE_SIGN_ENTITLEMENTS = "Terning-iOS/Terning-iOS.entitlements";
				CODE_SIGN_IDENTITY = "Apple Development";
				CODE_SIGN_STYLE = Automatic;
				CURRENT_PROJECT_VERSION = 1;
				DEVELOPMENT_TEAM = 8Q4H7X3Q58;
				ENABLE_USER_SCRIPT_SANDBOXING = NO;
				GENERATE_INFOPLIST_FILE = YES;
				INFOPLIST_FILE = "Terning-iOS/Info.plist";
				INFOPLIST_KEY_UIApplicationSupportsIndirectInputEvents = YES;
				INFOPLIST_KEY_UILaunchStoryboardName = LaunchScreen;
				INFOPLIST_KEY_UISupportedInterfaceOrientations_iPad = "UIInterfaceOrientationPortrait UIInterfaceOrientationPortraitUpsideDown UIInterfaceOrientationLandscapeLeft UIInterfaceOrientationLandscapeRight";
				INFOPLIST_KEY_UISupportedInterfaceOrientations_iPhone = "UIInterfaceOrientationPortrait UIInterfaceOrientationLandscapeLeft UIInterfaceOrientationLandscapeRight";
				IPHONEOS_DEPLOYMENT_TARGET = 15.0;
				LD_RUNPATH_SEARCH_PATHS = (
					"$(inherited)",
					"@executable_path/Frameworks",
				);
				MARKETING_VERSION = 1.0;
				PRODUCT_BUNDLE_IDENTIFIER = "com.terning.Terning-iOS";
				PRODUCT_NAME = "$(TARGET_NAME)";
				PROVISIONING_PROFILE_SPECIFIER = "";
				SWIFT_EMIT_LOC_STRINGS = YES;
				SWIFT_VERSION = 5.0;
				TARGETED_DEVICE_FAMILY = "1,2";
			};
			name = Debug;
		};
		71E3C3DF2C22BAF50026C4DD /* Release */ = {
			isa = XCBuildConfiguration;
			buildSettings = {
				ASSETCATALOG_COMPILER_APPICON_NAME = AppIcon;
				ASSETCATALOG_COMPILER_GLOBAL_ACCENT_COLOR_NAME = AccentColor;
				CODE_SIGN_ENTITLEMENTS = "Terning-iOS/Terning-iOS.entitlements";
				CODE_SIGN_IDENTITY = "Apple Development";
				CODE_SIGN_STYLE = Automatic;
				CURRENT_PROJECT_VERSION = 1;
				DEVELOPMENT_TEAM = 8Q4H7X3Q58;
				ENABLE_USER_SCRIPT_SANDBOXING = NO;
				GENERATE_INFOPLIST_FILE = YES;
				INFOPLIST_FILE = "Terning-iOS/Info.plist";
				INFOPLIST_KEY_UIApplicationSupportsIndirectInputEvents = YES;
				INFOPLIST_KEY_UILaunchStoryboardName = LaunchScreen;
				INFOPLIST_KEY_UISupportedInterfaceOrientations_iPad = "UIInterfaceOrientationPortrait UIInterfaceOrientationPortraitUpsideDown UIInterfaceOrientationLandscapeLeft UIInterfaceOrientationLandscapeRight";
				INFOPLIST_KEY_UISupportedInterfaceOrientations_iPhone = "UIInterfaceOrientationPortrait UIInterfaceOrientationLandscapeLeft UIInterfaceOrientationLandscapeRight";
				IPHONEOS_DEPLOYMENT_TARGET = 15.0;
				LD_RUNPATH_SEARCH_PATHS = (
					"$(inherited)",
					"@executable_path/Frameworks",
				);
				MARKETING_VERSION = 1.0;
				PRODUCT_BUNDLE_IDENTIFIER = "com.terning.Terning-iOS";
				PRODUCT_NAME = "$(TARGET_NAME)";
				PROVISIONING_PROFILE_SPECIFIER = "";
				SWIFT_EMIT_LOC_STRINGS = YES;
				SWIFT_VERSION = 5.0;
				TARGETED_DEVICE_FAMILY = "1,2";
			};
			name = Release;
		};
/* End XCBuildConfiguration section */

/* Begin XCConfigurationList section */
		71E3C3C42C22BAF40026C4DD /* Build configuration list for PBXProject "Terning-iOS" */ = {
			isa = XCConfigurationList;
			buildConfigurations = (
				71E3C3DB2C22BAF50026C4DD /* Debug */,
				71E3C3DC2C22BAF50026C4DD /* Release */,
			);
			defaultConfigurationIsVisible = 0;
			defaultConfigurationName = Release;
		};
		71E3C3DD2C22BAF50026C4DD /* Build configuration list for PBXNativeTarget "Terning-iOS" */ = {
			isa = XCConfigurationList;
			buildConfigurations = (
				71E3C3DE2C22BAF50026C4DD /* Debug */,
				71E3C3DF2C22BAF50026C4DD /* Release */,
			);
			defaultConfigurationIsVisible = 0;
			defaultConfigurationName = Release;
		};
/* End XCConfigurationList section */

/* Begin XCRemoteSwiftPackageReference section */
		2DC61F2A2C4213C7009F991F /* XCRemoteSwiftPackageReference "kakao-ios-sdk" */ = {
			isa = XCRemoteSwiftPackageReference;
			repositoryURL = "https://github.com/kakao/kakao-ios-sdk";
			requirement = {
				kind = upToNextMajorVersion;
				minimumVersion = 2.22.4;
			};
		};
		7121A1382C3A6CEB0056DB8B /* XCRemoteSwiftPackageReference "RxSwift" */ = {
			isa = XCRemoteSwiftPackageReference;
			repositoryURL = "https://github.com/ReactiveX/RxSwift";
			requirement = {
				kind = upToNextMajorVersion;
				minimumVersion = 6.7.1;
			};
		};
		717D37E82C32FA2F00A857DB /* XCRemoteSwiftPackageReference "SnapKit" */ = {
			isa = XCRemoteSwiftPackageReference;
			repositoryURL = "https://github.com/SnapKit/SnapKit.git";
			requirement = {
				kind = upToNextMajorVersion;
				minimumVersion = 5.7.1;
			};
		};
		71CCC0742C3F373400789A9B /* XCRemoteSwiftPackageReference "FSCalendar" */ = {
			isa = XCRemoteSwiftPackageReference;
			repositoryURL = "https://github.com/WenchaoD/FSCalendar";
			requirement = {
				kind = upToNextMajorVersion;
				minimumVersion = 2.8.4;
			};
		};
		71E3C3F72C241D900026C4DD /* XCRemoteSwiftPackageReference "Kingfisher" */ = {
			isa = XCRemoteSwiftPackageReference;
			repositoryURL = "https://github.com/onevcat/Kingfisher";
			requirement = {
				kind = upToNextMajorVersion;
				minimumVersion = 7.12.0;
			};
		};
		71E3C3FF2C241DA30026C4DD /* XCRemoteSwiftPackageReference "Then" */ = {
			isa = XCRemoteSwiftPackageReference;
			repositoryURL = "https://github.com/devxoul/Then";
			requirement = {
				kind = upToNextMajorVersion;
				minimumVersion = 3.0.0;
			};
		};
		71E3C4022C241DD40026C4DD /* XCRemoteSwiftPackageReference "Moya" */ = {
			isa = XCRemoteSwiftPackageReference;
			repositoryURL = "https://github.com/Moya/Moya";
			requirement = {
				kind = upToNextMajorVersion;
				minimumVersion = 15.0.3;
			};
		};
/* End XCRemoteSwiftPackageReference section */

/* Begin XCSwiftPackageProductDependency section */
		2DC61F2B2C4213C7009F991F /* KakaoSDK */ = {
			isa = XCSwiftPackageProductDependency;
			package = 2DC61F2A2C4213C7009F991F /* XCRemoteSwiftPackageReference "kakao-ios-sdk" */;
			productName = KakaoSDK;
		};
		2DC61F2D2C4213C7009F991F /* KakaoSDKAuth */ = {
			isa = XCSwiftPackageProductDependency;
			package = 2DC61F2A2C4213C7009F991F /* XCRemoteSwiftPackageReference "kakao-ios-sdk" */;
			productName = KakaoSDKAuth;
		};
		2DC61F2F2C4213C7009F991F /* KakaoSDKCommon */ = {
			isa = XCSwiftPackageProductDependency;
			package = 2DC61F2A2C4213C7009F991F /* XCRemoteSwiftPackageReference "kakao-ios-sdk" */;
			productName = KakaoSDKCommon;
		};
		7121A1392C3A6CEB0056DB8B /* RxCocoa */ = {
			isa = XCSwiftPackageProductDependency;
			package = 7121A1382C3A6CEB0056DB8B /* XCRemoteSwiftPackageReference "RxSwift" */;
			productName = RxCocoa;
		};
		7121A13B2C3A6CEB0056DB8B /* RxRelay */ = {
			isa = XCSwiftPackageProductDependency;
			package = 7121A1382C3A6CEB0056DB8B /* XCRemoteSwiftPackageReference "RxSwift" */;
			productName = RxRelay;
		};
		717D37E92C32FA2F00A857DB /* SnapKit */ = {
			isa = XCSwiftPackageProductDependency;
			package = 717D37E82C32FA2F00A857DB /* XCRemoteSwiftPackageReference "SnapKit" */;
			productName = SnapKit;
		};
		71CCC0752C3F373400789A9B /* FSCalendar */ = {
			isa = XCSwiftPackageProductDependency;
			package = 71CCC0742C3F373400789A9B /* XCRemoteSwiftPackageReference "FSCalendar" */;
			productName = FSCalendar;
		};
		71E3C3F82C241D900026C4DD /* Kingfisher */ = {
			isa = XCSwiftPackageProductDependency;
			package = 71E3C3F72C241D900026C4DD /* XCRemoteSwiftPackageReference "Kingfisher" */;
			productName = Kingfisher;
		};
		71E3C4002C241DA30026C4DD /* Then */ = {
			isa = XCSwiftPackageProductDependency;
			package = 71E3C3FF2C241DA30026C4DD /* XCRemoteSwiftPackageReference "Then" */;
			productName = Then;
		};
		71E3C4032C241DD40026C4DD /* Moya */ = {
			isa = XCSwiftPackageProductDependency;
			package = 71E3C4022C241DD40026C4DD /* XCRemoteSwiftPackageReference "Moya" */;
			productName = Moya;
		};
		71E3C4052C241DD40026C4DD /* ReactiveMoya */ = {
			isa = XCSwiftPackageProductDependency;
			package = 71E3C4022C241DD40026C4DD /* XCRemoteSwiftPackageReference "Moya" */;
			productName = ReactiveMoya;
		};
		71E3C4072C241DD40026C4DD /* RxMoya */ = {
			isa = XCSwiftPackageProductDependency;
			package = 71E3C4022C241DD40026C4DD /* XCRemoteSwiftPackageReference "Moya" */;
			productName = RxMoya;
		};
/* End XCSwiftPackageProductDependency section */
	};
	rootObject = 71E3C3C12C22BAF40026C4DD /* Project object */;
}
