// !$*UTF8*$!
{
	archiveVersion = 1;
	classes = {
	};
	objectVersion = 56;
	objects = {

/* Begin PBXBuildFile section */
		2D4EE3852C3D6E6B00E3E95B /* CustomProgressView.swift in Sources */ = {isa = PBXBuildFile; fileRef = 2D4EE3842C3D6E6B00E3E95B /* CustomProgressView.swift */; };
		2D4EE3872C3D7CB200E3E95B /* CustomOnboardingButton.swift in Sources */ = {isa = PBXBuildFile; fileRef = 2D4EE3862C3D7CB200E3E95B /* CustomOnboardingButton.swift */; };
		2D4EE3892C3D9EA400E3E95B /* Date+.swift in Sources */ = {isa = PBXBuildFile; fileRef = 2D4EE3882C3D9EA400E3E95B /* Date+.swift */; };
		2D4EE38B2C3D9FD900E3E95B /* CustomDatePicker.swift in Sources */ = {isa = PBXBuildFile; fileRef = 2D4EE38A2C3D9FD900E3E95B /* CustomDatePicker.swift */; };
		2D4EE3942C3DD5B700E3E95B /* WelcomeView.swift in Sources */ = {isa = PBXBuildFile; fileRef = 2D4EE3932C3DD5B700E3E95B /* WelcomeView.swift */; };
		2D4EE3962C3DD5CB00E3E95B /* WelcomeViewController.swift in Sources */ = {isa = PBXBuildFile; fileRef = 2D4EE3952C3DD5CB00E3E95B /* WelcomeViewController.swift */; };
		7121A1332C396FB40056DB8B /* CustomButton.swift in Sources */ = {isa = PBXBuildFile; fileRef = 7121A1322C396FB40056DB8B /* CustomButton.swift */; };
		7121A1352C39CCF60056DB8B /* UIButton+.swift in Sources */ = {isa = PBXBuildFile; fileRef = 7121A1342C39CCF60056DB8B /* UIButton+.swift */; };
		7121A1372C3A6C7C0056DB8B /* CustomAlertViewController.swift in Sources */ = {isa = PBXBuildFile; fileRef = 7121A1362C3A6C7C0056DB8B /* CustomAlertViewController.swift */; };
		7121A13A2C3A6CEB0056DB8B /* RxCocoa in Frameworks */ = {isa = PBXBuildFile; productRef = 7121A1392C3A6CEB0056DB8B /* RxCocoa */; };
		7121A13C2C3A6CEB0056DB8B /* RxRelay in Frameworks */ = {isa = PBXBuildFile; productRef = 7121A13B2C3A6CEB0056DB8B /* RxRelay */; };
		7121A13E2C3A98E10056DB8B /* LabelFactory.swift in Sources */ = {isa = PBXBuildFile; fileRef = 7121A13D2C3A98E10056DB8B /* LabelFactory.swift */; };
		7121A1402C3AB9EE0056DB8B /* JobDetailInfoView.swift in Sources */ = {isa = PBXBuildFile; fileRef = 7121A13F2C3AB9EE0056DB8B /* JobDetailInfoView.swift */; };
		7121A1432C3AE9C20056DB8B /* PaletteCell.swift in Sources */ = {isa = PBXBuildFile; fileRef = 7121A1422C3AE9C20056DB8B /* PaletteCell.swift */; };
		7121A1462C3B07AA0056DB8B /* BaseResponse.swift in Sources */ = {isa = PBXBuildFile; fileRef = 7121A1452C3B07AA0056DB8B /* BaseResponse.swift */; };
		7121A1492C3B08360056DB8B /* JobDetailModel.swift in Sources */ = {isa = PBXBuildFile; fileRef = 7121A1482C3B08360056DB8B /* JobDetailModel.swift */; };
		7121A14B2C3B09800056DB8B /* setImage.swift in Sources */ = {isa = PBXBuildFile; fileRef = 7121A14A2C3B09800056DB8B /* setImage.swift */; };
		7121A1512C3B09E10056DB8B /* Result+.swift in Sources */ = {isa = PBXBuildFile; fileRef = 7121A1502C3B09E10056DB8B /* Result+.swift */; };
		71461EB52C37043A002A6999 /* Pretendard-Light.otf in Resources */ = {isa = PBXBuildFile; fileRef = 71461EAC2C370439002A6999 /* Pretendard-Light.otf */; };
		71461EB72C37043A002A6999 /* Pretendard-Medium.otf in Resources */ = {isa = PBXBuildFile; fileRef = 71461EAE2C370439002A6999 /* Pretendard-Medium.otf */; };
		71461EB92C37043A002A6999 /* Pretendard-SemiBold.otf in Resources */ = {isa = PBXBuildFile; fileRef = 71461EB02C37043A002A6999 /* Pretendard-SemiBold.otf */; };
		71461EBA2C37043A002A6999 /* Pretendard-Regular.otf in Resources */ = {isa = PBXBuildFile; fileRef = 71461EB12C37043A002A6999 /* Pretendard-Regular.otf */; };
		71461EBD2C3705B6002A6999 /* FontLiterals.swift in Sources */ = {isa = PBXBuildFile; fileRef = 71461EBC2C3705B6002A6999 /* FontLiterals.swift */; };
		71461ED42C3811E8002A6999 /* ViewController+.swift in Sources */ = {isa = PBXBuildFile; fileRef = 71461ED32C3811E8002A6999 /* ViewController+.swift */; };
		71461ED62C38150C002A6999 /* UILabel+.swift in Sources */ = {isa = PBXBuildFile; fileRef = 71461ED52C38150C002A6999 /* UILabel+.swift */; };
		717D37EA2C32FA2F00A857DB /* SnapKit in Frameworks */ = {isa = PBXBuildFile; productRef = 717D37E92C32FA2F00A857DB /* SnapKit */; };
		71D7E6ED2C2FF42500C54EA7 /* TNTabBarController.swift in Sources */ = {isa = PBXBuildFile; fileRef = 71D7E6EC2C2FF42500C54EA7 /* TNTabBarController.swift */; };
		71D7E6EF2C2FF48800C54EA7 /* TNTabBarItem.swift in Sources */ = {isa = PBXBuildFile; fileRef = 71D7E6EE2C2FF48800C54EA7 /* TNTabBarItem.swift */; };
		71D7E6F12C2FFB5800C54EA7 /* CALayer+.swift in Sources */ = {isa = PBXBuildFile; fileRef = 71D7E6F02C2FFB5800C54EA7 /* CALayer+.swift */; };
		71E3C3CD2C22BAF40026C4DD /* AppDelegate.swift in Sources */ = {isa = PBXBuildFile; fileRef = 71E3C3CC2C22BAF40026C4DD /* AppDelegate.swift */; };
		71E3C3CF2C22BAF40026C4DD /* SceneDelegate.swift in Sources */ = {isa = PBXBuildFile; fileRef = 71E3C3CE2C22BAF40026C4DD /* SceneDelegate.swift */; };
		71E3C3D12C22BAF40026C4DD /* ViewController.swift in Sources */ = {isa = PBXBuildFile; fileRef = 71E3C3D02C22BAF40026C4DD /* ViewController.swift */; };
		71E3C3D62C22BAF50026C4DD /* Assets.xcassets in Resources */ = {isa = PBXBuildFile; fileRef = 71E3C3D52C22BAF50026C4DD /* Assets.xcassets */; };
		71E3C3D92C22BAF50026C4DD /* LaunchScreen.storyboard in Resources */ = {isa = PBXBuildFile; fileRef = 71E3C3D72C22BAF50026C4DD /* LaunchScreen.storyboard */; };
		71E3C3F92C241D900026C4DD /* Kingfisher in Frameworks */ = {isa = PBXBuildFile; productRef = 71E3C3F82C241D900026C4DD /* Kingfisher */; };
		71E3C4012C241DA30026C4DD /* Then in Frameworks */ = {isa = PBXBuildFile; productRef = 71E3C4002C241DA30026C4DD /* Then */; };
		71E3C4042C241DD40026C4DD /* Moya in Frameworks */ = {isa = PBXBuildFile; productRef = 71E3C4032C241DD40026C4DD /* Moya */; };
		71E3C4062C241DD40026C4DD /* ReactiveMoya in Frameworks */ = {isa = PBXBuildFile; productRef = 71E3C4052C241DD40026C4DD /* ReactiveMoya */; };
		71E3C4082C241DD40026C4DD /* RxMoya in Frameworks */ = {isa = PBXBuildFile; productRef = 71E3C4072C241DD40026C4DD /* RxMoya */; };
		71E3C40D2C2423280026C4DD /* .swiftlint.yml in Resources */ = {isa = PBXBuildFile; fileRef = 71E3C40C2C2423280026C4DD /* .swiftlint.yml */; };
		71E3C40F2C243B510026C4DD /* UIView+.swift in Sources */ = {isa = PBXBuildFile; fileRef = 71E3C40E2C243B510026C4DD /* UIView+.swift */; };
		71E3C4122C243BDD0026C4DD /* getClassName.swift in Sources */ = {isa = PBXBuildFile; fileRef = 71E3C4112C243BDD0026C4DD /* getClassName.swift */; };
/* End PBXBuildFile section */

/* Begin PBXFileReference section */
		2D4EE3842C3D6E6B00E3E95B /* CustomProgressView.swift */ = {isa = PBXFileReference; lastKnownFileType = sourcecode.swift; path = CustomProgressView.swift; sourceTree = "<group>"; };
		2D4EE3862C3D7CB200E3E95B /* CustomOnboardingButton.swift */ = {isa = PBXFileReference; lastKnownFileType = sourcecode.swift; path = CustomOnboardingButton.swift; sourceTree = "<group>"; };
		2D4EE3882C3D9EA400E3E95B /* Date+.swift */ = {isa = PBXFileReference; lastKnownFileType = sourcecode.swift; path = "Date+.swift"; sourceTree = "<group>"; };
		2D4EE38A2C3D9FD900E3E95B /* CustomDatePicker.swift */ = {isa = PBXFileReference; lastKnownFileType = sourcecode.swift; path = CustomDatePicker.swift; sourceTree = "<group>"; };
		2D4EE3932C3DD5B700E3E95B /* WelcomeView.swift */ = {isa = PBXFileReference; lastKnownFileType = sourcecode.swift; path = WelcomeView.swift; sourceTree = "<group>"; };
		2D4EE3952C3DD5CB00E3E95B /* WelcomeViewController.swift */ = {isa = PBXFileReference; lastKnownFileType = sourcecode.swift; path = WelcomeViewController.swift; sourceTree = "<group>"; };
		7121A1322C396FB40056DB8B /* CustomButton.swift */ = {isa = PBXFileReference; lastKnownFileType = sourcecode.swift; path = CustomButton.swift; sourceTree = "<group>"; };
		7121A1342C39CCF60056DB8B /* UIButton+.swift */ = {isa = PBXFileReference; lastKnownFileType = sourcecode.swift; path = "UIButton+.swift"; sourceTree = "<group>"; };
		7121A1362C3A6C7C0056DB8B /* CustomAlertViewController.swift */ = {isa = PBXFileReference; lastKnownFileType = sourcecode.swift; path = CustomAlertViewController.swift; sourceTree = "<group>"; };
		7121A13D2C3A98E10056DB8B /* LabelFactory.swift */ = {isa = PBXFileReference; lastKnownFileType = sourcecode.swift; path = LabelFactory.swift; sourceTree = "<group>"; };
		7121A13F2C3AB9EE0056DB8B /* JobDetailInfoView.swift */ = {isa = PBXFileReference; lastKnownFileType = sourcecode.swift; path = JobDetailInfoView.swift; sourceTree = "<group>"; };
		7121A1422C3AE9C20056DB8B /* PaletteCell.swift */ = {isa = PBXFileReference; lastKnownFileType = sourcecode.swift; path = PaletteCell.swift; sourceTree = "<group>"; };
		7121A1452C3B07AA0056DB8B /* BaseResponse.swift */ = {isa = PBXFileReference; lastKnownFileType = sourcecode.swift; path = BaseResponse.swift; sourceTree = "<group>"; };
		7121A1482C3B08360056DB8B /* JobDetailModel.swift */ = {isa = PBXFileReference; lastKnownFileType = sourcecode.swift; path = JobDetailModel.swift; sourceTree = "<group>"; };
		7121A14A2C3B09800056DB8B /* setImage.swift */ = {isa = PBXFileReference; lastKnownFileType = sourcecode.swift; path = setImage.swift; sourceTree = "<group>"; };
		7121A1502C3B09E10056DB8B /* Result+.swift */ = {isa = PBXFileReference; lastKnownFileType = sourcecode.swift; path = "Result+.swift"; sourceTree = "<group>"; };
		71461EAC2C370439002A6999 /* Pretendard-Light.otf */ = {isa = PBXFileReference; lastKnownFileType = file; path = "Pretendard-Light.otf"; sourceTree = "<group>"; };
		71461EAE2C370439002A6999 /* Pretendard-Medium.otf */ = {isa = PBXFileReference; lastKnownFileType = file; path = "Pretendard-Medium.otf"; sourceTree = "<group>"; };
		71461EB02C37043A002A6999 /* Pretendard-SemiBold.otf */ = {isa = PBXFileReference; lastKnownFileType = file; path = "Pretendard-SemiBold.otf"; sourceTree = "<group>"; };
		71461EB12C37043A002A6999 /* Pretendard-Regular.otf */ = {isa = PBXFileReference; lastKnownFileType = file; path = "Pretendard-Regular.otf"; sourceTree = "<group>"; };
		71461EBC2C3705B6002A6999 /* FontLiterals.swift */ = {isa = PBXFileReference; lastKnownFileType = sourcecode.swift; path = FontLiterals.swift; sourceTree = "<group>"; };
		71461ED32C3811E8002A6999 /* ViewController+.swift */ = {isa = PBXFileReference; lastKnownFileType = sourcecode.swift; path = "ViewController+.swift"; sourceTree = "<group>"; };
		71461ED52C38150C002A6999 /* UILabel+.swift */ = {isa = PBXFileReference; lastKnownFileType = sourcecode.swift; path = "UILabel+.swift"; sourceTree = "<group>"; };
		71D7E6EC2C2FF42500C54EA7 /* TNTabBarController.swift */ = {isa = PBXFileReference; lastKnownFileType = sourcecode.swift; path = TNTabBarController.swift; sourceTree = "<group>"; };
		71D7E6EE2C2FF48800C54EA7 /* TNTabBarItem.swift */ = {isa = PBXFileReference; lastKnownFileType = sourcecode.swift; path = TNTabBarItem.swift; sourceTree = "<group>"; };
		71D7E6F02C2FFB5800C54EA7 /* CALayer+.swift */ = {isa = PBXFileReference; lastKnownFileType = sourcecode.swift; path = "CALayer+.swift"; sourceTree = "<group>"; };
		71E3C3C92C22BAF40026C4DD /* Terning-iOS.app */ = {isa = PBXFileReference; explicitFileType = wrapper.application; includeInIndex = 0; path = "Terning-iOS.app"; sourceTree = BUILT_PRODUCTS_DIR; };
		71E3C3CC2C22BAF40026C4DD /* AppDelegate.swift */ = {isa = PBXFileReference; lastKnownFileType = sourcecode.swift; path = AppDelegate.swift; sourceTree = "<group>"; };
		71E3C3CE2C22BAF40026C4DD /* SceneDelegate.swift */ = {isa = PBXFileReference; lastKnownFileType = sourcecode.swift; path = SceneDelegate.swift; sourceTree = "<group>"; };
		71E3C3D02C22BAF40026C4DD /* ViewController.swift */ = {isa = PBXFileReference; lastKnownFileType = sourcecode.swift; path = ViewController.swift; sourceTree = "<group>"; };
		71E3C3D52C22BAF50026C4DD /* Assets.xcassets */ = {isa = PBXFileReference; lastKnownFileType = folder.assetcatalog; path = Assets.xcassets; sourceTree = "<group>"; };
		71E3C3D82C22BAF50026C4DD /* Base */ = {isa = PBXFileReference; lastKnownFileType = file.storyboard; name = Base; path = Base.lproj/LaunchScreen.storyboard; sourceTree = "<group>"; };
		71E3C3DA2C22BAF50026C4DD /* Info.plist */ = {isa = PBXFileReference; lastKnownFileType = text.plist.xml; path = Info.plist; sourceTree = "<group>"; };
		71E3C3F32C241CB00026C4DD /* .gitkeep */ = {isa = PBXFileReference; lastKnownFileType = text; path = .gitkeep; sourceTree = "<group>"; };
		71E3C40C2C2423280026C4DD /* .swiftlint.yml */ = {isa = PBXFileReference; lastKnownFileType = text.yaml; path = .swiftlint.yml; sourceTree = "<group>"; };
		71E3C40E2C243B510026C4DD /* UIView+.swift */ = {isa = PBXFileReference; lastKnownFileType = sourcecode.swift; path = "UIView+.swift"; sourceTree = "<group>"; };
		71E3C4112C243BDD0026C4DD /* getClassName.swift */ = {isa = PBXFileReference; lastKnownFileType = sourcecode.swift; path = getClassName.swift; sourceTree = "<group>"; };
/* End PBXFileReference section */

/* Begin PBXFrameworksBuildPhase section */
		71E3C3C62C22BAF40026C4DD /* Frameworks */ = {
			isa = PBXFrameworksBuildPhase;
			buildActionMask = 2147483647;
			files = (
				71E3C3F92C241D900026C4DD /* Kingfisher in Frameworks */,
				71E3C4042C241DD40026C4DD /* Moya in Frameworks */,
				71E3C4082C241DD40026C4DD /* RxMoya in Frameworks */,
				7121A13A2C3A6CEB0056DB8B /* RxCocoa in Frameworks */,
				717D37EA2C32FA2F00A857DB /* SnapKit in Frameworks */,
				71E3C4012C241DA30026C4DD /* Then in Frameworks */,
				7121A13C2C3A6CEB0056DB8B /* RxRelay in Frameworks */,
				71E3C4062C241DD40026C4DD /* ReactiveMoya in Frameworks */,
			);
			runOnlyForDeploymentPostprocessing = 0;
		};
/* End PBXFrameworksBuildPhase section */

/* Begin PBXGroup section */
		2D4EE3922C3DD5A000E3E95B /* WelcomView */ = {
			isa = PBXGroup;
			children = (
				2D4EE39C2C3E6E3200E3E95B /* View */,
				2D4EE39D2C3E6E3A00E3E95B /* ViewController */,
			);
			path = WelcomView;
			sourceTree = "<group>";
		};
		2D4EE39C2C3E6E3200E3E95B /* View */ = {
			isa = PBXGroup;
			children = (
				2D4EE3932C3DD5B700E3E95B /* WelcomeView.swift */,
			);
			path = View;
			sourceTree = "<group>";
		};
		2D4EE39D2C3E6E3A00E3E95B /* ViewController */ = {
			isa = PBXGroup;
			children = (
				2D4EE3952C3DD5CB00E3E95B /* WelcomeViewController.swift */,
			);
			path = ViewController;
			sourceTree = "<group>";
		};
		7121A1312C396F980056DB8B /* UIComponents */ = {
			isa = PBXGroup;
			children = (
				7121A1412C3AE99D0056DB8B /* Cell */,
				7121A1322C396FB40056DB8B /* CustomButton.swift */,
				2D4EE3862C3D7CB200E3E95B /* CustomOnboardingButton.swift */,
				7121A1362C3A6C7C0056DB8B /* CustomAlertViewController.swift */,
				2D4EE3842C3D6E6B00E3E95B /* CustomProgressView.swift */,
				2D4EE38A2C3D9FD900E3E95B /* CustomDatePicker.swift */,
				7121A13F2C3AB9EE0056DB8B /* JobDetailInfoView.swift */,
			);
			path = UIComponents;
			sourceTree = "<group>";
		};
		7121A1412C3AE99D0056DB8B /* Cell */ = {
			isa = PBXGroup;
			children = (
				7121A1422C3AE9C20056DB8B /* PaletteCell.swift */,
			);
			path = Cell;
			sourceTree = "<group>";
		};
		7121A1442C3B079F0056DB8B /* Base */ = {
			isa = PBXGroup;
			children = (
				7121A1452C3B07AA0056DB8B /* BaseResponse.swift */,
			);
			path = Base;
			sourceTree = "<group>";
		};
		7121A1472C3B07F30056DB8B /* Announcements */ = {
			isa = PBXGroup;
			children = (
				7121A1482C3B08360056DB8B /* JobDetailModel.swift */,
			);
			path = Announcements;
			sourceTree = "<group>";
		};
		7121A14C2C3B09B30056DB8B /* UIKit+ */ = {
			isa = PBXGroup;
			children = (
				71E3C40E2C243B510026C4DD /* UIView+.swift */,
				71D7E6F02C2FFB5800C54EA7 /* CALayer+.swift */,
				71461ED32C3811E8002A6999 /* ViewController+.swift */,
				71461ED52C38150C002A6999 /* UILabel+.swift */,
				7121A1342C39CCF60056DB8B /* UIButton+.swift */,
			);
			path = "UIKit+";
			sourceTree = "<group>";
		};
		7121A14D2C3B09BF0056DB8B /* Foundation+ */ = {
			isa = PBXGroup;
			children = (
				2D4EE3882C3D9EA400E3E95B /* Date+.swift */,
				7121A1502C3B09E10056DB8B /* Result+.swift */,
			);
			path = "Foundation+";
			sourceTree = "<group>";
		};
		71D7E6EB2C2FF41200C54EA7 /* TabBar */ = {
			isa = PBXGroup;
			children = (
				71D7E6EC2C2FF42500C54EA7 /* TNTabBarController.swift */,
				71D7E6EE2C2FF48800C54EA7 /* TNTabBarItem.swift */,
			);
			path = TabBar;
			sourceTree = "<group>";
		};
		71E3C3C02C22BAF40026C4DD = {
			isa = PBXGroup;
			children = (
				71E3C40C2C2423280026C4DD /* .swiftlint.yml */,
				71E3C3CB2C22BAF40026C4DD /* Terning-iOS */,
				71E3C3CA2C22BAF40026C4DD /* Products */,
			);
			sourceTree = "<group>";
		};
		71E3C3CA2C22BAF40026C4DD /* Products */ = {
			isa = PBXGroup;
			children = (
				71E3C3C92C22BAF40026C4DD /* Terning-iOS.app */,
			);
			name = Products;
			sourceTree = "<group>";
		};
		71E3C3CB2C22BAF40026C4DD /* Terning-iOS */ = {
			isa = PBXGroup;
			children = (
				71E3C3E02C2414870026C4DD /* Application */,
				71E3C3E42C241B8A0026C4DD /* Resource */,
				71E3C3E72C241BF20026C4DD /* Source */,
				71E3C3E12C241B170026C4DD /* Network */,
				71E3C3DA2C22BAF50026C4DD /* Info.plist */,
			);
			path = "Terning-iOS";
			sourceTree = "<group>";
		};
		71E3C3E02C2414870026C4DD /* Application */ = {
			isa = PBXGroup;
			children = (
				71E3C3CC2C22BAF40026C4DD /* AppDelegate.swift */,
				71E3C3CE2C22BAF40026C4DD /* SceneDelegate.swift */,
				71E3C3D72C22BAF50026C4DD /* LaunchScreen.storyboard */,
				71E3C3D02C22BAF40026C4DD /* ViewController.swift */,
			);
			path = Application;
			sourceTree = "<group>";
		};
		71E3C3E12C241B170026C4DD /* Network */ = {
			isa = PBXGroup;
			children = (
				7121A1442C3B079F0056DB8B /* Base */,
			);
			path = Network;
			sourceTree = "<group>";
		};
		71E3C3E42C241B8A0026C4DD /* Resource */ = {
			isa = PBXGroup;
			children = (
				7121A1312C396F980056DB8B /* UIComponents */,
				71E3C4102C243BBC0026C4DD /* Utils */,
				71E3C3EC2C241C500026C4DD /* Literal */,
				71E3C3EA2C241C3D0026C4DD /* Fonts */,
				71E3C3EB2C241C480026C4DD /* Extension */,
				71E3C3D52C22BAF50026C4DD /* Assets.xcassets */,
			);
			path = Resource;
			sourceTree = "<group>";
		};
		71E3C3E72C241BF20026C4DD /* Source */ = {
			isa = PBXGroup;
			children = (
				71E3C3E82C241C020026C4DD /* Presentation */,
				71E3C3E92C241C1B0026C4DD /* Data */,
			);
			path = Source;
			sourceTree = "<group>";
		};
		71E3C3E82C241C020026C4DD /* Presentation */ = {
			isa = PBXGroup;
			children = (
				2D4EE3922C3DD5A000E3E95B /* WelcomView */,
				71D7E6EB2C2FF41200C54EA7 /* TabBar */,
				71E3C3F32C241CB00026C4DD /* .gitkeep */,
			);
			path = Presentation;
			sourceTree = "<group>";
		};
		71E3C3E92C241C1B0026C4DD /* Data */ = {
			isa = PBXGroup;
			children = (
				7121A1472C3B07F30056DB8B /* Announcements */,
			);
			path = Data;
			sourceTree = "<group>";
		};
		71E3C3EA2C241C3D0026C4DD /* Fonts */ = {
			isa = PBXGroup;
			children = (
				71461EAC2C370439002A6999 /* Pretendard-Light.otf */,
				71461EAE2C370439002A6999 /* Pretendard-Medium.otf */,
				71461EB12C37043A002A6999 /* Pretendard-Regular.otf */,
				71461EB02C37043A002A6999 /* Pretendard-SemiBold.otf */,
			);
			path = Fonts;
			sourceTree = "<group>";
		};
		71E3C3EB2C241C480026C4DD /* Extension */ = {
			isa = PBXGroup;
			children = (
				7121A14D2C3B09BF0056DB8B /* Foundation+ */,
				7121A14C2C3B09B30056DB8B /* UIKit+ */,
			);
			path = Extension;
			sourceTree = "<group>";
		};
		71E3C3EC2C241C500026C4DD /* Literal */ = {
			isa = PBXGroup;
			children = (
				71461EBC2C3705B6002A6999 /* FontLiterals.swift */,
			);
			path = Literal;
			sourceTree = "<group>";
		};
		71E3C4102C243BBC0026C4DD /* Utils */ = {
			isa = PBXGroup;
			children = (
				71E3C4112C243BDD0026C4DD /* getClassName.swift */,
				7121A13D2C3A98E10056DB8B /* LabelFactory.swift */,
				7121A14A2C3B09800056DB8B /* setImage.swift */,
			);
			path = Utils;
			sourceTree = "<group>";
		};
/* End PBXGroup section */

/* Begin PBXNativeTarget section */
		71E3C3C82C22BAF40026C4DD /* Terning-iOS */ = {
			isa = PBXNativeTarget;
			buildConfigurationList = 71E3C3DD2C22BAF50026C4DD /* Build configuration list for PBXNativeTarget "Terning-iOS" */;
			buildPhases = (
				71E3C3C52C22BAF40026C4DD /* Sources */,
				71E3C3C62C22BAF40026C4DD /* Frameworks */,
				71E3C3C72C22BAF40026C4DD /* Resources */,
				71E3C4092C24217E0026C4DD /* SwiftLint Script */,
			);
			buildRules = (
			);
			dependencies = (
			);
			name = "Terning-iOS";
			packageProductDependencies = (
				71E3C3F82C241D900026C4DD /* Kingfisher */,
				71E3C4002C241DA30026C4DD /* Then */,
				71E3C4032C241DD40026C4DD /* Moya */,
				71E3C4052C241DD40026C4DD /* ReactiveMoya */,
				71E3C4072C241DD40026C4DD /* RxMoya */,
				717D37E92C32FA2F00A857DB /* SnapKit */,
				7121A1392C3A6CEB0056DB8B /* RxCocoa */,
				7121A13B2C3A6CEB0056DB8B /* RxRelay */,
			);
			productName = "Terning-iOS";
			productReference = 71E3C3C92C22BAF40026C4DD /* Terning-iOS.app */;
			productType = "com.apple.product-type.application";
		};
/* End PBXNativeTarget section */

/* Begin PBXProject section */
		71E3C3C12C22BAF40026C4DD /* Project object */ = {
			isa = PBXProject;
			attributes = {
				BuildIndependentTargetsInParallel = 1;
				LastSwiftUpdateCheck = 1500;
				LastUpgradeCheck = 1500;
				TargetAttributes = {
					71E3C3C82C22BAF40026C4DD = {
						CreatedOnToolsVersion = 15.0;
					};
				};
			};
			buildConfigurationList = 71E3C3C42C22BAF40026C4DD /* Build configuration list for PBXProject "Terning-iOS" */;
			compatibilityVersion = "Xcode 14.0";
			developmentRegion = en;
			hasScannedForEncodings = 0;
			knownRegions = (
				en,
				Base,
			);
			mainGroup = 71E3C3C02C22BAF40026C4DD;
			packageReferences = (
				71E3C3F72C241D900026C4DD /* XCRemoteSwiftPackageReference "Kingfisher" */,
				71E3C3FF2C241DA30026C4DD /* XCRemoteSwiftPackageReference "Then" */,
				71E3C4022C241DD40026C4DD /* XCRemoteSwiftPackageReference "Moya" */,
				717D37E82C32FA2F00A857DB /* XCRemoteSwiftPackageReference "SnapKit" */,
				7121A1382C3A6CEB0056DB8B /* XCRemoteSwiftPackageReference "RxSwift" */,
			);
			productRefGroup = 71E3C3CA2C22BAF40026C4DD /* Products */;
			projectDirPath = "";
			projectRoot = "";
			targets = (
				71E3C3C82C22BAF40026C4DD /* Terning-iOS */,
			);
		};
/* End PBXProject section */

/* Begin PBXResourcesBuildPhase section */
		71E3C3C72C22BAF40026C4DD /* Resources */ = {
			isa = PBXResourcesBuildPhase;
			buildActionMask = 2147483647;
			files = (
				71E3C40D2C2423280026C4DD /* .swiftlint.yml in Resources */,
				71461EB72C37043A002A6999 /* Pretendard-Medium.otf in Resources */,
				71E3C3D92C22BAF50026C4DD /* LaunchScreen.storyboard in Resources */,
				71E3C3D62C22BAF50026C4DD /* Assets.xcassets in Resources */,
				71461EB92C37043A002A6999 /* Pretendard-SemiBold.otf in Resources */,
				71461EBA2C37043A002A6999 /* Pretendard-Regular.otf in Resources */,
				71461EB52C37043A002A6999 /* Pretendard-Light.otf in Resources */,
			);
			runOnlyForDeploymentPostprocessing = 0;
		};
/* End PBXResourcesBuildPhase section */

/* Begin PBXShellScriptBuildPhase section */
		71E3C4092C24217E0026C4DD /* SwiftLint Script */ = {
			isa = PBXShellScriptBuildPhase;
			alwaysOutOfDate = 1;
			buildActionMask = 2147483647;
			files = (
			);
			inputFileListPaths = (
			);
			inputPaths = (
			);
			name = "SwiftLint Script";
			outputFileListPaths = (
			);
			outputPaths = (
			);
			runOnlyForDeploymentPostprocessing = 0;
			shellPath = /bin/sh;
			shellScript = "# Type a script or drag a script file from your workspace to insert its path.\nif [[ \"$(uname -m)\" == arm64 ]]; then\n    export PATH=\"/opt/homebrew/bin:$PATH\"\nfi\n\nif which swiftlint > /dev/null; then\n  swiftlint\nelse\n  echo \"warning: SwiftLint not installed, download from https://github.com/realm/SwiftLint\"\nfi\n";
		};
/* End PBXShellScriptBuildPhase section */

/* Begin PBXSourcesBuildPhase section */
		71E3C3C52C22BAF40026C4DD /* Sources */ = {
			isa = PBXSourcesBuildPhase;
			buildActionMask = 2147483647;
			files = (
				2D4EE3962C3DD5CB00E3E95B /* WelcomeViewController.swift in Sources */,
				71E3C40F2C243B510026C4DD /* UIView+.swift in Sources */,
				71E3C3D12C22BAF40026C4DD /* ViewController.swift in Sources */,
				7121A1432C3AE9C20056DB8B /* PaletteCell.swift in Sources */,
				71D7E6EF2C2FF48800C54EA7 /* TNTabBarItem.swift in Sources */,
				7121A13E2C3A98E10056DB8B /* LabelFactory.swift in Sources */,
				71E3C3CD2C22BAF40026C4DD /* AppDelegate.swift in Sources */,
				2D4EE38B2C3D9FD900E3E95B /* CustomDatePicker.swift in Sources */,
				2D4EE3942C3DD5B700E3E95B /* WelcomeView.swift in Sources */,
				71461ED42C3811E8002A6999 /* ViewController+.swift in Sources */,
				71E3C4122C243BDD0026C4DD /* getClassName.swift in Sources */,
				71D7E6F12C2FFB5800C54EA7 /* CALayer+.swift in Sources */,
				7121A1512C3B09E10056DB8B /* Result+.swift in Sources */,
				7121A1462C3B07AA0056DB8B /* BaseResponse.swift in Sources */,
				7121A1352C39CCF60056DB8B /* UIButton+.swift in Sources */,
				71E3C3CF2C22BAF40026C4DD /* SceneDelegate.swift in Sources */,
				7121A14B2C3B09800056DB8B /* setImage.swift in Sources */,
				2D4EE3852C3D6E6B00E3E95B /* CustomProgressView.swift in Sources */,
				7121A1332C396FB40056DB8B /* CustomButton.swift in Sources */,
				2D4EE3892C3D9EA400E3E95B /* Date+.swift in Sources */,
				71461ED62C38150C002A6999 /* UILabel+.swift in Sources */,
				71D7E6ED2C2FF42500C54EA7 /* TNTabBarController.swift in Sources */,
				7121A1492C3B08360056DB8B /* JobDetailModel.swift in Sources */,
				7121A1372C3A6C7C0056DB8B /* CustomAlertViewController.swift in Sources */,
				2D4EE3872C3D7CB200E3E95B /* CustomOnboardingButton.swift in Sources */,
				71461EBD2C3705B6002A6999 /* FontLiterals.swift in Sources */,
				7121A1402C3AB9EE0056DB8B /* JobDetailInfoView.swift in Sources */,
			);
			runOnlyForDeploymentPostprocessing = 0;
		};
/* End PBXSourcesBuildPhase section */

/* Begin PBXVariantGroup section */
		71E3C3D72C22BAF50026C4DD /* LaunchScreen.storyboard */ = {
			isa = PBXVariantGroup;
			children = (
				71E3C3D82C22BAF50026C4DD /* Base */,
			);
			name = LaunchScreen.storyboard;
			sourceTree = "<group>";
		};
/* End PBXVariantGroup section */

/* Begin XCBuildConfiguration section */
		71E3C3DB2C22BAF50026C4DD /* Debug */ = {
			isa = XCBuildConfiguration;
			buildSettings = {
				ALWAYS_SEARCH_USER_PATHS = NO;
				ASSETCATALOG_COMPILER_GENERATE_SWIFT_ASSET_SYMBOL_EXTENSIONS = YES;
				CLANG_ANALYZER_NONNULL = YES;
				CLANG_ANALYZER_NUMBER_OBJECT_CONVERSION = YES_AGGRESSIVE;
				CLANG_CXX_LANGUAGE_STANDARD = "gnu++20";
				CLANG_ENABLE_MODULES = YES;
				CLANG_ENABLE_OBJC_ARC = YES;
				CLANG_ENABLE_OBJC_WEAK = YES;
				CLANG_WARN_BLOCK_CAPTURE_AUTORELEASING = YES;
				CLANG_WARN_BOOL_CONVERSION = YES;
				CLANG_WARN_COMMA = YES;
				CLANG_WARN_CONSTANT_CONVERSION = YES;
				CLANG_WARN_DEPRECATED_OBJC_IMPLEMENTATIONS = YES;
				CLANG_WARN_DIRECT_OBJC_ISA_USAGE = YES_ERROR;
				CLANG_WARN_DOCUMENTATION_COMMENTS = YES;
				CLANG_WARN_EMPTY_BODY = YES;
				CLANG_WARN_ENUM_CONVERSION = YES;
				CLANG_WARN_INFINITE_RECURSION = YES;
				CLANG_WARN_INT_CONVERSION = YES;
				CLANG_WARN_NON_LITERAL_NULL_CONVERSION = YES;
				CLANG_WARN_OBJC_IMPLICIT_RETAIN_SELF = YES;
				CLANG_WARN_OBJC_LITERAL_CONVERSION = YES;
				CLANG_WARN_OBJC_ROOT_CLASS = YES_ERROR;
				CLANG_WARN_QUOTED_INCLUDE_IN_FRAMEWORK_HEADER = YES;
				CLANG_WARN_RANGE_LOOP_ANALYSIS = YES;
				CLANG_WARN_STRICT_PROTOTYPES = YES;
				CLANG_WARN_SUSPICIOUS_MOVE = YES;
				CLANG_WARN_UNGUARDED_AVAILABILITY = YES_AGGRESSIVE;
				CLANG_WARN_UNREACHABLE_CODE = YES;
				CLANG_WARN__DUPLICATE_METHOD_MATCH = YES;
				COPY_PHASE_STRIP = NO;
				DEBUG_INFORMATION_FORMAT = dwarf;
				ENABLE_STRICT_OBJC_MSGSEND = YES;
				ENABLE_TESTABILITY = YES;
				ENABLE_USER_SCRIPT_SANDBOXING = NO;
				GCC_C_LANGUAGE_STANDARD = gnu17;
				GCC_DYNAMIC_NO_PIC = NO;
				GCC_NO_COMMON_BLOCKS = YES;
				GCC_OPTIMIZATION_LEVEL = 0;
				GCC_PREPROCESSOR_DEFINITIONS = (
					"DEBUG=1",
					"$(inherited)",
				);
				GCC_WARN_64_TO_32_BIT_CONVERSION = YES;
				GCC_WARN_ABOUT_RETURN_TYPE = YES_ERROR;
				GCC_WARN_UNDECLARED_SELECTOR = YES;
				GCC_WARN_UNINITIALIZED_AUTOS = YES_AGGRESSIVE;
				GCC_WARN_UNUSED_FUNCTION = YES;
				GCC_WARN_UNUSED_VARIABLE = YES;
				IPHONEOS_DEPLOYMENT_TARGET = 15.0;
				LOCALIZATION_PREFERS_STRING_CATALOGS = YES;
				MTL_ENABLE_DEBUG_INFO = INCLUDE_SOURCE;
				MTL_FAST_MATH = YES;
				ONLY_ACTIVE_ARCH = YES;
				SDKROOT = iphoneos;
				SWIFT_ACTIVE_COMPILATION_CONDITIONS = "DEBUG $(inherited)";
				SWIFT_OPTIMIZATION_LEVEL = "-Onone";
			};
			name = Debug;
		};
		71E3C3DC2C22BAF50026C4DD /* Release */ = {
			isa = XCBuildConfiguration;
			buildSettings = {
				ALWAYS_SEARCH_USER_PATHS = NO;
				ASSETCATALOG_COMPILER_GENERATE_SWIFT_ASSET_SYMBOL_EXTENSIONS = YES;
				CLANG_ANALYZER_NONNULL = YES;
				CLANG_ANALYZER_NUMBER_OBJECT_CONVERSION = YES_AGGRESSIVE;
				CLANG_CXX_LANGUAGE_STANDARD = "gnu++20";
				CLANG_ENABLE_MODULES = YES;
				CLANG_ENABLE_OBJC_ARC = YES;
				CLANG_ENABLE_OBJC_WEAK = YES;
				CLANG_WARN_BLOCK_CAPTURE_AUTORELEASING = YES;
				CLANG_WARN_BOOL_CONVERSION = YES;
				CLANG_WARN_COMMA = YES;
				CLANG_WARN_CONSTANT_CONVERSION = YES;
				CLANG_WARN_DEPRECATED_OBJC_IMPLEMENTATIONS = YES;
				CLANG_WARN_DIRECT_OBJC_ISA_USAGE = YES_ERROR;
				CLANG_WARN_DOCUMENTATION_COMMENTS = YES;
				CLANG_WARN_EMPTY_BODY = YES;
				CLANG_WARN_ENUM_CONVERSION = YES;
				CLANG_WARN_INFINITE_RECURSION = YES;
				CLANG_WARN_INT_CONVERSION = YES;
				CLANG_WARN_NON_LITERAL_NULL_CONVERSION = YES;
				CLANG_WARN_OBJC_IMPLICIT_RETAIN_SELF = YES;
				CLANG_WARN_OBJC_LITERAL_CONVERSION = YES;
				CLANG_WARN_OBJC_ROOT_CLASS = YES_ERROR;
				CLANG_WARN_QUOTED_INCLUDE_IN_FRAMEWORK_HEADER = YES;
				CLANG_WARN_RANGE_LOOP_ANALYSIS = YES;
				CLANG_WARN_STRICT_PROTOTYPES = YES;
				CLANG_WARN_SUSPICIOUS_MOVE = YES;
				CLANG_WARN_UNGUARDED_AVAILABILITY = YES_AGGRESSIVE;
				CLANG_WARN_UNREACHABLE_CODE = YES;
				CLANG_WARN__DUPLICATE_METHOD_MATCH = YES;
				COPY_PHASE_STRIP = NO;
				DEBUG_INFORMATION_FORMAT = "dwarf-with-dsym";
				ENABLE_NS_ASSERTIONS = NO;
				ENABLE_STRICT_OBJC_MSGSEND = YES;
				ENABLE_USER_SCRIPT_SANDBOXING = NO;
				GCC_C_LANGUAGE_STANDARD = gnu17;
				GCC_NO_COMMON_BLOCKS = YES;
				GCC_WARN_64_TO_32_BIT_CONVERSION = YES;
				GCC_WARN_ABOUT_RETURN_TYPE = YES_ERROR;
				GCC_WARN_UNDECLARED_SELECTOR = YES;
				GCC_WARN_UNINITIALIZED_AUTOS = YES_AGGRESSIVE;
				GCC_WARN_UNUSED_FUNCTION = YES;
				GCC_WARN_UNUSED_VARIABLE = YES;
				IPHONEOS_DEPLOYMENT_TARGET = 15.0;
				LOCALIZATION_PREFERS_STRING_CATALOGS = YES;
				MTL_ENABLE_DEBUG_INFO = NO;
				MTL_FAST_MATH = YES;
				SDKROOT = iphoneos;
				SWIFT_COMPILATION_MODE = wholemodule;
				VALIDATE_PRODUCT = YES;
			};
			name = Release;
		};
		71E3C3DE2C22BAF50026C4DD /* Debug */ = {
			isa = XCBuildConfiguration;
			buildSettings = {
				ASSETCATALOG_COMPILER_APPICON_NAME = AppIcon;
				ASSETCATALOG_COMPILER_GLOBAL_ACCENT_COLOR_NAME = AccentColor;
				"CODE_SIGN_IDENTITY[sdk=iphoneos*]" = "iPhone Developer";
				CODE_SIGN_STYLE = Manual;
				CURRENT_PROJECT_VERSION = 1;
				DEVELOPMENT_TEAM = "";
				"DEVELOPMENT_TEAM[sdk=iphoneos*]" = 8Q4H7X3Q58;
				ENABLE_USER_SCRIPT_SANDBOXING = NO;
				GENERATE_INFOPLIST_FILE = YES;
				INFOPLIST_FILE = "Terning-iOS/Info.plist";
				INFOPLIST_KEY_UIApplicationSupportsIndirectInputEvents = YES;
				INFOPLIST_KEY_UILaunchStoryboardName = LaunchScreen;
				INFOPLIST_KEY_UISupportedInterfaceOrientations_iPad = "UIInterfaceOrientationPortrait UIInterfaceOrientationPortraitUpsideDown UIInterfaceOrientationLandscapeLeft UIInterfaceOrientationLandscapeRight";
				INFOPLIST_KEY_UISupportedInterfaceOrientations_iPhone = "UIInterfaceOrientationPortrait UIInterfaceOrientationLandscapeLeft UIInterfaceOrientationLandscapeRight";
				IPHONEOS_DEPLOYMENT_TARGET = 15.0;
				LD_RUNPATH_SEARCH_PATHS = (
					"$(inherited)",
					"@executable_path/Frameworks",
				);
				MARKETING_VERSION = 1.0;
				PRODUCT_BUNDLE_IDENTIFIER = "com.terning.Terning-iOS";
				PRODUCT_NAME = "$(TARGET_NAME)";
				PROVISIONING_PROFILE_SPECIFIER = "";
				"PROVISIONING_PROFILE_SPECIFIER[sdk=iphoneos*]" = "match Development com.terning.Terning-iOS";
				SWIFT_EMIT_LOC_STRINGS = YES;
				SWIFT_VERSION = 5.0;
				TARGETED_DEVICE_FAMILY = "1,2";
			};
			name = Debug;
		};
		71E3C3DF2C22BAF50026C4DD /* Release */ = {
			isa = XCBuildConfiguration;
			buildSettings = {
				ASSETCATALOG_COMPILER_APPICON_NAME = AppIcon;
				ASSETCATALOG_COMPILER_GLOBAL_ACCENT_COLOR_NAME = AccentColor;
				"CODE_SIGN_IDENTITY[sdk=iphoneos*]" = "iPhone Developer";
				CODE_SIGN_STYLE = Manual;
				CURRENT_PROJECT_VERSION = 1;
				DEVELOPMENT_TEAM = "";
				"DEVELOPMENT_TEAM[sdk=iphoneos*]" = 8Q4H7X3Q58;
				ENABLE_USER_SCRIPT_SANDBOXING = NO;
				GENERATE_INFOPLIST_FILE = YES;
				INFOPLIST_FILE = "Terning-iOS/Info.plist";
				INFOPLIST_KEY_UIApplicationSupportsIndirectInputEvents = YES;
				INFOPLIST_KEY_UILaunchStoryboardName = LaunchScreen;
				INFOPLIST_KEY_UISupportedInterfaceOrientations_iPad = "UIInterfaceOrientationPortrait UIInterfaceOrientationPortraitUpsideDown UIInterfaceOrientationLandscapeLeft UIInterfaceOrientationLandscapeRight";
				INFOPLIST_KEY_UISupportedInterfaceOrientations_iPhone = "UIInterfaceOrientationPortrait UIInterfaceOrientationLandscapeLeft UIInterfaceOrientationLandscapeRight";
				IPHONEOS_DEPLOYMENT_TARGET = 15.0;
				LD_RUNPATH_SEARCH_PATHS = (
					"$(inherited)",
					"@executable_path/Frameworks",
				);
				MARKETING_VERSION = 1.0;
				PRODUCT_BUNDLE_IDENTIFIER = "com.terning.Terning-iOS";
				PRODUCT_NAME = "$(TARGET_NAME)";
				PROVISIONING_PROFILE_SPECIFIER = "";
				"PROVISIONING_PROFILE_SPECIFIER[sdk=iphoneos*]" = "match Development com.terning.Terning-iOS";
				SWIFT_EMIT_LOC_STRINGS = YES;
				SWIFT_VERSION = 5.0;
				TARGETED_DEVICE_FAMILY = "1,2";
			};
			name = Release;
		};
/* End XCBuildConfiguration section */

/* Begin XCConfigurationList section */
		71E3C3C42C22BAF40026C4DD /* Build configuration list for PBXProject "Terning-iOS" */ = {
			isa = XCConfigurationList;
			buildConfigurations = (
				71E3C3DB2C22BAF50026C4DD /* Debug */,
				71E3C3DC2C22BAF50026C4DD /* Release */,
			);
			defaultConfigurationIsVisible = 0;
			defaultConfigurationName = Release;
		};
		71E3C3DD2C22BAF50026C4DD /* Build configuration list for PBXNativeTarget "Terning-iOS" */ = {
			isa = XCConfigurationList;
			buildConfigurations = (
				71E3C3DE2C22BAF50026C4DD /* Debug */,
				71E3C3DF2C22BAF50026C4DD /* Release */,
			);
			defaultConfigurationIsVisible = 0;
			defaultConfigurationName = Release;
		};
/* End XCConfigurationList section */

/* Begin XCRemoteSwiftPackageReference section */
		7121A1382C3A6CEB0056DB8B /* XCRemoteSwiftPackageReference "RxSwift" */ = {
			isa = XCRemoteSwiftPackageReference;
			repositoryURL = "https://github.com/ReactiveX/RxSwift";
			requirement = {
				kind = upToNextMajorVersion;
				minimumVersion = 6.7.1;
			};
		};
		717D37E82C32FA2F00A857DB /* XCRemoteSwiftPackageReference "SnapKit" */ = {
			isa = XCRemoteSwiftPackageReference;
			repositoryURL = "https://github.com/SnapKit/SnapKit.git";
			requirement = {
				kind = upToNextMajorVersion;
				minimumVersion = 5.7.1;
			};
		};
		71E3C3F72C241D900026C4DD /* XCRemoteSwiftPackageReference "Kingfisher" */ = {
			isa = XCRemoteSwiftPackageReference;
			repositoryURL = "https://github.com/onevcat/Kingfisher";
			requirement = {
				kind = upToNextMajorVersion;
				minimumVersion = 7.12.0;
			};
		};
		71E3C3FF2C241DA30026C4DD /* XCRemoteSwiftPackageReference "Then" */ = {
			isa = XCRemoteSwiftPackageReference;
			repositoryURL = "https://github.com/devxoul/Then";
			requirement = {
				kind = upToNextMajorVersion;
				minimumVersion = 3.0.0;
			};
		};
		71E3C4022C241DD40026C4DD /* XCRemoteSwiftPackageReference "Moya" */ = {
			isa = XCRemoteSwiftPackageReference;
			repositoryURL = "https://github.com/Moya/Moya";
			requirement = {
				kind = upToNextMajorVersion;
				minimumVersion = 15.0.3;
			};
		};
/* End XCRemoteSwiftPackageReference section */

/* Begin XCSwiftPackageProductDependency section */
		7121A1392C3A6CEB0056DB8B /* RxCocoa */ = {
			isa = XCSwiftPackageProductDependency;
			package = 7121A1382C3A6CEB0056DB8B /* XCRemoteSwiftPackageReference "RxSwift" */;
			productName = RxCocoa;
		};
		7121A13B2C3A6CEB0056DB8B /* RxRelay */ = {
			isa = XCSwiftPackageProductDependency;
			package = 7121A1382C3A6CEB0056DB8B /* XCRemoteSwiftPackageReference "RxSwift" */;
			productName = RxRelay;
		};
		717D37E92C32FA2F00A857DB /* SnapKit */ = {
			isa = XCSwiftPackageProductDependency;
			package = 717D37E82C32FA2F00A857DB /* XCRemoteSwiftPackageReference "SnapKit" */;
			productName = SnapKit;
		};
		71E3C3F82C241D900026C4DD /* Kingfisher */ = {
			isa = XCSwiftPackageProductDependency;
			package = 71E3C3F72C241D900026C4DD /* XCRemoteSwiftPackageReference "Kingfisher" */;
			productName = Kingfisher;
		};
		71E3C4002C241DA30026C4DD /* Then */ = {
			isa = XCSwiftPackageProductDependency;
			package = 71E3C3FF2C241DA30026C4DD /* XCRemoteSwiftPackageReference "Then" */;
			productName = Then;
		};
		71E3C4032C241DD40026C4DD /* Moya */ = {
			isa = XCSwiftPackageProductDependency;
			package = 71E3C4022C241DD40026C4DD /* XCRemoteSwiftPackageReference "Moya" */;
			productName = Moya;
		};
		71E3C4052C241DD40026C4DD /* ReactiveMoya */ = {
			isa = XCSwiftPackageProductDependency;
			package = 71E3C4022C241DD40026C4DD /* XCRemoteSwiftPackageReference "Moya" */;
			productName = ReactiveMoya;
		};
		71E3C4072C241DD40026C4DD /* RxMoya */ = {
			isa = XCSwiftPackageProductDependency;
			package = 71E3C4022C241DD40026C4DD /* XCRemoteSwiftPackageReference "Moya" */;
			productName = RxMoya;
		};
/* End XCSwiftPackageProductDependency section */
	};
	rootObject = 71E3C3C12C22BAF40026C4DD /* Project object */;
}
